PODS:
  - FeedKit (7.0.1)
  - Realm (3.1.1):
    - Realm/Headers (= 3.1.1)
  - Realm/Headers (3.1.1)
  - RealmSwift (3.1.1):
    - Realm (= 3.1.1)

DEPENDENCIES:
  - FeedKit
  - RealmSwift

SPEC CHECKSUMS:
  FeedKit: 9be69ab57ef0eb922ee4b6c31cb6b8840a5bbb29
  Realm: 42d1c38a5b1bbcc828b48a7ce702cb86fc68adf4
  RealmSwift: d31937ca6a6ee54acde64ec839523c0a3c04924b

PODFILE CHECKSUM: 0e785806490a54398066c5c99ed86df923e7c6cf

COCOAPODS: 1.4.0
