// !$*UTF8*$!
{
	archiveVersion = 1;
	classes = {
	};
	objectVersion = 48;
	objects = {

/* Begin PBXBuildFile section */
		6A9D482D2B4674AEA6744CB4 /* Pods_Wemotely.framework in Frameworks */ = {isa = PBXBuildFile; fileRef = 4A2947B41384121F4E3143A6 /* Pods_Wemotely.framework */; };
		A528FD46204B075F0020ABA9 /* SettingsTableViewController.swift in Sources */ = {isa = PBXBuildFile; fileRef = A528FD45204B075F0020ABA9 /* SettingsTableViewController.swift */; };
		A528FD48204B09FF0020ABA9 /* FilterTableViewController.swift in Sources */ = {isa = PBXBuildFile; fileRef = A528FD47204B09FF0020ABA9 /* FilterTableViewController.swift */; };
		A528FD4A204B21970020ABA9 /* NotificationOptionsTableViewController.swift in Sources */ = {isa = PBXBuildFile; fileRef = A528FD49204B21970020ABA9 /* NotificationOptionsTableViewController.swift */; };
		A538841F204AF241008253D7 /* JobsTableViewController.swift in Sources */ = {isa = PBXBuildFile; fileRef = A538841E204AF241008253D7 /* JobsTableViewController.swift */; };
		A5388421204AF732008253D7 /* Job.swift in Sources */ = {isa = PBXBuildFile; fileRef = A5388420204AF732008253D7 /* Job.swift */; };
		A57DDF1A204ACCEB0031D7DF /* AppDelegate.swift in Sources */ = {isa = PBXBuildFile; fileRef = A57DDF19204ACCEB0031D7DF /* AppDelegate.swift */; };
		A57DDF1C204ACCEB0031D7DF /* DashboardTableViewController.swift in Sources */ = {isa = PBXBuildFile; fileRef = A57DDF1B204ACCEB0031D7DF /* DashboardTableViewController.swift */; };
		A57DDF1E204ACCEB0031D7DF /* JobViewController.swift in Sources */ = {isa = PBXBuildFile; fileRef = A57DDF1D204ACCEB0031D7DF /* JobViewController.swift */; };
		A57DDF21204ACCEB0031D7DF /* Main.storyboard in Resources */ = {isa = PBXBuildFile; fileRef = A57DDF1F204ACCEB0031D7DF /* Main.storyboard */; };
		A57DDF23204ACCEB0031D7DF /* Assets.xcassets in Resources */ = {isa = PBXBuildFile; fileRef = A57DDF22204ACCEB0031D7DF /* Assets.xcassets */; };
		A57DDF26204ACCEB0031D7DF /* LaunchScreen.storyboard in Resources */ = {isa = PBXBuildFile; fileRef = A57DDF24204ACCEB0031D7DF /* LaunchScreen.storyboard */; };
		A57DDF31204ACCEC0031D7DF /* WemotelyTests.swift in Sources */ = {isa = PBXBuildFile; fileRef = A57DDF30204ACCEC0031D7DF /* WemotelyTests.swift */; };
		A57DDF3C204ACCEC0031D7DF /* WemotelyUITests.swift in Sources */ = {isa = PBXBuildFile; fileRef = A57DDF3B204ACCEC0031D7DF /* WemotelyUITests.swift */; };
/* End PBXBuildFile section */

/* Begin PBXContainerItemProxy section */
		A57DDF2D204ACCEC0031D7DF /* PBXContainerItemProxy */ = {
			isa = PBXContainerItemProxy;
			containerPortal = A57DDF0E204ACCEB0031D7DF /* Project object */;
			proxyType = 1;
			remoteGlobalIDString = A57DDF15204ACCEB0031D7DF;
			remoteInfo = Wemotely;
		};
		A57DDF38204ACCEC0031D7DF /* PBXContainerItemProxy */ = {
			isa = PBXContainerItemProxy;
			containerPortal = A57DDF0E204ACCEB0031D7DF /* Project object */;
			proxyType = 1;
			remoteGlobalIDString = A57DDF15204ACCEB0031D7DF;
			remoteInfo = Wemotely;
		};
/* End PBXContainerItemProxy section */

/* Begin PBXFileReference section */
		4A2947B41384121F4E3143A6 /* Pods_Wemotely.framework */ = {isa = PBXFileReference; explicitFileType = wrapper.framework; includeInIndex = 0; path = Pods_Wemotely.framework; sourceTree = BUILT_PRODUCTS_DIR; };
		4FEA023235FF8AF7F73090DA /* Pods-Wemotely.debug.xcconfig */ = {isa = PBXFileReference; includeInIndex = 1; lastKnownFileType = text.xcconfig; name = "Pods-Wemotely.debug.xcconfig"; path = "Pods/Target Support Files/Pods-Wemotely/Pods-Wemotely.debug.xcconfig"; sourceTree = "<group>"; };
		65D7437FCE9A22E3D8DF3D37 /* Pods-Wemotely.release.xcconfig */ = {isa = PBXFileReference; includeInIndex = 1; lastKnownFileType = text.xcconfig; name = "Pods-Wemotely.release.xcconfig"; path = "Pods/Target Support Files/Pods-Wemotely/Pods-Wemotely.release.xcconfig"; sourceTree = "<group>"; };
		A528FD45204B075F0020ABA9 /* SettingsTableViewController.swift */ = {isa = PBXFileReference; lastKnownFileType = sourcecode.swift; path = SettingsTableViewController.swift; sourceTree = "<group>"; };
		A528FD47204B09FF0020ABA9 /* FilterTableViewController.swift */ = {isa = PBXFileReference; lastKnownFileType = sourcecode.swift; path = FilterTableViewController.swift; sourceTree = "<group>"; };
		A528FD49204B21970020ABA9 /* NotificationOptionsTableViewController.swift */ = {isa = PBXFileReference; lastKnownFileType = sourcecode.swift; path = NotificationOptionsTableViewController.swift; sourceTree = "<group>"; };
		A538841E204AF241008253D7 /* JobsTableViewController.swift */ = {isa = PBXFileReference; lastKnownFileType = sourcecode.swift; path = JobsTableViewController.swift; sourceTree = "<group>"; };
		A5388420204AF732008253D7 /* Job.swift */ = {isa = PBXFileReference; lastKnownFileType = sourcecode.swift; path = Job.swift; sourceTree = "<group>"; };
		A57DDF16204ACCEB0031D7DF /* Wemotely.app */ = {isa = PBXFileReference; explicitFileType = wrapper.application; includeInIndex = 0; path = Wemotely.app; sourceTree = BUILT_PRODUCTS_DIR; };
		A57DDF19204ACCEB0031D7DF /* AppDelegate.swift */ = {isa = PBXFileReference; lastKnownFileType = sourcecode.swift; path = AppDelegate.swift; sourceTree = "<group>"; };
		A57DDF1B204ACCEB0031D7DF /* DashboardTableViewController.swift */ = {isa = PBXFileReference; lastKnownFileType = sourcecode.swift; path = DashboardTableViewController.swift; sourceTree = "<group>"; };
		A57DDF1D204ACCEB0031D7DF /* JobViewController.swift */ = {isa = PBXFileReference; lastKnownFileType = sourcecode.swift; path = JobViewController.swift; sourceTree = "<group>"; };
		A57DDF20204ACCEB0031D7DF /* Base */ = {isa = PBXFileReference; lastKnownFileType = file.storyboard; name = Base; path = Base.lproj/Main.storyboard; sourceTree = "<group>"; };
		A57DDF22204ACCEB0031D7DF /* Assets.xcassets */ = {isa = PBXFileReference; lastKnownFileType = folder.assetcatalog; path = Assets.xcassets; sourceTree = "<group>"; };
		A57DDF25204ACCEB0031D7DF /* Base */ = {isa = PBXFileReference; lastKnownFileType = file.storyboard; name = Base; path = Base.lproj/LaunchScreen.storyboard; sourceTree = "<group>"; };
		A57DDF27204ACCEB0031D7DF /* Info.plist */ = {isa = PBXFileReference; lastKnownFileType = text.plist.xml; path = Info.plist; sourceTree = "<group>"; };
		A57DDF2C204ACCEC0031D7DF /* WemotelyTests.xctest */ = {isa = PBXFileReference; explicitFileType = wrapper.cfbundle; includeInIndex = 0; path = WemotelyTests.xctest; sourceTree = BUILT_PRODUCTS_DIR; };
		A57DDF30204ACCEC0031D7DF /* WemotelyTests.swift */ = {isa = PBXFileReference; lastKnownFileType = sourcecode.swift; path = WemotelyTests.swift; sourceTree = "<group>"; };
		A57DDF32204ACCEC0031D7DF /* Info.plist */ = {isa = PBXFileReference; lastKnownFileType = text.plist.xml; path = Info.plist; sourceTree = "<group>"; };
		A57DDF37204ACCEC0031D7DF /* WemotelyUITests.xctest */ = {isa = PBXFileReference; explicitFileType = wrapper.cfbundle; includeInIndex = 0; path = WemotelyUITests.xctest; sourceTree = BUILT_PRODUCTS_DIR; };
		A57DDF3B204ACCEC0031D7DF /* WemotelyUITests.swift */ = {isa = PBXFileReference; lastKnownFileType = sourcecode.swift; path = WemotelyUITests.swift; sourceTree = "<group>"; };
		A57DDF3D204ACCEC0031D7DF /* Info.plist */ = {isa = PBXFileReference; lastKnownFileType = text.plist.xml; path = Info.plist; sourceTree = "<group>"; };
/* End PBXFileReference section */

/* Begin PBXFrameworksBuildPhase section */
		A57DDF13204ACCEB0031D7DF /* Frameworks */ = {
			isa = PBXFrameworksBuildPhase;
			buildActionMask = 2147483647;
			files = (
				6A9D482D2B4674AEA6744CB4 /* Pods_Wemotely.framework in Frameworks */,
			);
			runOnlyForDeploymentPostprocessing = 0;
		};
		A57DDF29204ACCEC0031D7DF /* Frameworks */ = {
			isa = PBXFrameworksBuildPhase;
			buildActionMask = 2147483647;
			files = (
			);
			runOnlyForDeploymentPostprocessing = 0;
		};
		A57DDF34204ACCEC0031D7DF /* Frameworks */ = {
			isa = PBXFrameworksBuildPhase;
			buildActionMask = 2147483647;
			files = (
			);
			runOnlyForDeploymentPostprocessing = 0;
		};
/* End PBXFrameworksBuildPhase section */

/* Begin PBXGroup section */
		17D719296625CD460F494604 /* Pods */ = {
			isa = PBXGroup;
			children = (
				4FEA023235FF8AF7F73090DA /* Pods-Wemotely.debug.xcconfig */,
				65D7437FCE9A22E3D8DF3D37 /* Pods-Wemotely.release.xcconfig */,
			);
			name = Pods;
			sourceTree = "<group>";
		};
		603A4DC1DFE7089361650F20 /* Frameworks */ = {
			isa = PBXGroup;
			children = (
				4A2947B41384121F4E3143A6 /* Pods_Wemotely.framework */,
			);
			name = Frameworks;
			sourceTree = "<group>";
		};
		A528FD4B204B219D0020ABA9 /* Settings */ = {
			isa = PBXGroup;
			children = (
				A528FD49204B21970020ABA9 /* NotificationOptionsTableViewController.swift */,
			);
			path = Settings;
			sourceTree = "<group>";
		};
		A538841A204ACE03008253D7 /* Models */ = {
			isa = PBXGroup;
			children = (
				A5388420204AF732008253D7 /* Job.swift */,
			);
			path = Models;
			sourceTree = "<group>";
		};
		A538841B204ACE10008253D7 /* Controllers */ = {
			isa = PBXGroup;
			children = (
				A528FD4B204B219D0020ABA9 /* Settings */,
				A57DDF1D204ACCEB0031D7DF /* JobViewController.swift */,
				A57DDF1B204ACCEB0031D7DF /* DashboardTableViewController.swift */,
				A538841E204AF241008253D7 /* JobsTableViewController.swift */,
				A528FD45204B075F0020ABA9 /* SettingsTableViewController.swift */,
				A528FD47204B09FF0020ABA9 /* FilterTableViewController.swift */,
			);
			path = Controllers;
			sourceTree = "<group>";
		};
		A538841C204ACE17008253D7 /* Views */ = {
			isa = PBXGroup;
			children = (
				A57DDF24204ACCEB0031D7DF /* LaunchScreen.storyboard */,
				A57DDF1F204ACCEB0031D7DF /* Main.storyboard */,
			);
			path = Views;
			sourceTree = "<group>";
		};
		A538841D204ACE1C008253D7 /* Support */ = {
			isa = PBXGroup;
			children = (
				A57DDF19204ACCEB0031D7DF /* AppDelegate.swift */,
			);
			path = Support;
			sourceTree = "<group>";
		};
		A57DDF0D204ACCEB0031D7DF = {
			isa = PBXGroup;
			children = (
				A57DDF18204ACCEB0031D7DF /* Wemotely */,
				A57DDF2F204ACCEC0031D7DF /* WemotelyTests */,
				A57DDF3A204ACCEC0031D7DF /* WemotelyUITests */,
				A57DDF17204ACCEB0031D7DF /* Products */,
				17D719296625CD460F494604 /* Pods */,
				603A4DC1DFE7089361650F20 /* Frameworks */,
			);
			sourceTree = "<group>";
		};
		A57DDF17204ACCEB0031D7DF /* Products */ = {
			isa = PBXGroup;
			children = (
				A57DDF16204ACCEB0031D7DF /* Wemotely.app */,
				A57DDF2C204ACCEC0031D7DF /* WemotelyTests.xctest */,
				A57DDF37204ACCEC0031D7DF /* WemotelyUITests.xctest */,
			);
			name = Products;
			sourceTree = "<group>";
		};
		A57DDF18204ACCEB0031D7DF /* Wemotely */ = {
			isa = PBXGroup;
			children = (
				A538841D204ACE1C008253D7 /* Support */,
				A538841C204ACE17008253D7 /* Views */,
				A538841B204ACE10008253D7 /* Controllers */,
				A538841A204ACE03008253D7 /* Models */,
				A57DDF22204ACCEB0031D7DF /* Assets.xcassets */,
				A57DDF27204ACCEB0031D7DF /* Info.plist */,
			);
			path = Wemotely;
			sourceTree = "<group>";
		};
		A57DDF2F204ACCEC0031D7DF /* WemotelyTests */ = {
			isa = PBXGroup;
			children = (
				A57DDF30204ACCEC0031D7DF /* WemotelyTests.swift */,
				A57DDF32204ACCEC0031D7DF /* Info.plist */,
			);
			path = WemotelyTests;
			sourceTree = "<group>";
		};
		A57DDF3A204ACCEC0031D7DF /* WemotelyUITests */ = {
			isa = PBXGroup;
			children = (
				A57DDF3B204ACCEC0031D7DF /* WemotelyUITests.swift */,
				A57DDF3D204ACCEC0031D7DF /* Info.plist */,
			);
			path = WemotelyUITests;
			sourceTree = "<group>";
		};
/* End PBXGroup section */

/* Begin PBXNativeTarget section */
		A57DDF15204ACCEB0031D7DF /* Wemotely */ = {
			isa = PBXNativeTarget;
			buildConfigurationList = A57DDF40204ACCEC0031D7DF /* Build configuration list for PBXNativeTarget "Wemotely" */;
			buildPhases = (
				FA512F3762F14F8C5F49345F /* [CP] Check Pods Manifest.lock */,
				A57DDF12204ACCEB0031D7DF /* Sources */,
				A57DDF13204ACCEB0031D7DF /* Frameworks */,
				A57DDF14204ACCEB0031D7DF /* Resources */,
				81E66B15B7B69DAE03BA5333 /* [CP] Embed Pods Frameworks */,
				C59155F9F7E642B4C41200B0 /* [CP] Copy Pods Resources */,
			);
			buildRules = (
			);
			dependencies = (
			);
			name = Wemotely;
			productName = Wemotely;
			productReference = A57DDF16204ACCEB0031D7DF /* Wemotely.app */;
			productType = "com.apple.product-type.application";
		};
		A57DDF2B204ACCEC0031D7DF /* WemotelyTests */ = {
			isa = PBXNativeTarget;
			buildConfigurationList = A57DDF43204ACCEC0031D7DF /* Build configuration list for PBXNativeTarget "WemotelyTests" */;
			buildPhases = (
				A57DDF28204ACCEC0031D7DF /* Sources */,
				A57DDF29204ACCEC0031D7DF /* Frameworks */,
				A57DDF2A204ACCEC0031D7DF /* Resources */,
			);
			buildRules = (
			);
			dependencies = (
				A57DDF2E204ACCEC0031D7DF /* PBXTargetDependency */,
			);
			name = WemotelyTests;
			productName = WemotelyTests;
			productReference = A57DDF2C204ACCEC0031D7DF /* WemotelyTests.xctest */;
			productType = "com.apple.product-type.bundle.unit-test";
		};
		A57DDF36204ACCEC0031D7DF /* WemotelyUITests */ = {
			isa = PBXNativeTarget;
			buildConfigurationList = A57DDF46204ACCEC0031D7DF /* Build configuration list for PBXNativeTarget "WemotelyUITests" */;
			buildPhases = (
				A57DDF33204ACCEC0031D7DF /* Sources */,
				A57DDF34204ACCEC0031D7DF /* Frameworks */,
				A57DDF35204ACCEC0031D7DF /* Resources */,
			);
			buildRules = (
			);
			dependencies = (
				A57DDF39204ACCEC0031D7DF /* PBXTargetDependency */,
			);
			name = WemotelyUITests;
			productName = WemotelyUITests;
			productReference = A57DDF37204ACCEC0031D7DF /* WemotelyUITests.xctest */;
			productType = "com.apple.product-type.bundle.ui-testing";
		};
/* End PBXNativeTarget section */

/* Begin PBXProject section */
		A57DDF0E204ACCEB0031D7DF /* Project object */ = {
			isa = PBXProject;
			attributes = {
				LastSwiftUpdateCheck = 0920;
				LastUpgradeCheck = 0920;
				ORGANIZATIONNAME = "Insert Coffee Limited";
				TargetAttributes = {
					A57DDF15204ACCEB0031D7DF = {
						CreatedOnToolsVersion = 9.2;
						ProvisioningStyle = Automatic;
					};
					A57DDF2B204ACCEC0031D7DF = {
						CreatedOnToolsVersion = 9.2;
						ProvisioningStyle = Automatic;
						TestTargetID = A57DDF15204ACCEB0031D7DF;
					};
					A57DDF36204ACCEC0031D7DF = {
						CreatedOnToolsVersion = 9.2;
						ProvisioningStyle = Automatic;
						TestTargetID = A57DDF15204ACCEB0031D7DF;
					};
				};
			};
			buildConfigurationList = A57DDF11204ACCEB0031D7DF /* Build configuration list for PBXProject "Wemotely" */;
			compatibilityVersion = "Xcode 8.0";
			developmentRegion = en;
			hasScannedForEncodings = 0;
			knownRegions = (
				en,
				Base,
			);
			mainGroup = A57DDF0D204ACCEB0031D7DF;
			productRefGroup = A57DDF17204ACCEB0031D7DF /* Products */;
			projectDirPath = "";
			projectRoot = "";
			targets = (
				A57DDF15204ACCEB0031D7DF /* Wemotely */,
				A57DDF2B204ACCEC0031D7DF /* WemotelyTests */,
				A57DDF36204ACCEC0031D7DF /* WemotelyUITests */,
			);
		};
/* End PBXProject section */

/* Begin PBXResourcesBuildPhase section */
		A57DDF14204ACCEB0031D7DF /* Resources */ = {
			isa = PBXResourcesBuildPhase;
			buildActionMask = 2147483647;
			files = (
				A57DDF26204ACCEB0031D7DF /* LaunchScreen.storyboard in Resources */,
				A57DDF23204ACCEB0031D7DF /* Assets.xcassets in Resources */,
				A57DDF21204ACCEB0031D7DF /* Main.storyboard in Resources */,
			);
			runOnlyForDeploymentPostprocessing = 0;
		};
		A57DDF2A204ACCEC0031D7DF /* Resources */ = {
			isa = PBXResourcesBuildPhase;
			buildActionMask = 2147483647;
			files = (
			);
			runOnlyForDeploymentPostprocessing = 0;
		};
		A57DDF35204ACCEC0031D7DF /* Resources */ = {
			isa = PBXResourcesBuildPhase;
			buildActionMask = 2147483647;
			files = (
			);
			runOnlyForDeploymentPostprocessing = 0;
		};
/* End PBXResourcesBuildPhase section */

/* Begin PBXShellScriptBuildPhase section */
		81E66B15B7B69DAE03BA5333 /* [CP] Embed Pods Frameworks */ = {
			isa = PBXShellScriptBuildPhase;
			buildActionMask = 2147483647;
			files = (
			);
			inputPaths = (
				"${SRCROOT}/Pods/Target Support Files/Pods-Wemotely/Pods-Wemotely-frameworks.sh",
				"${BUILT_PRODUCTS_DIR}/FeedKit/FeedKit.framework",
				"${BUILT_PRODUCTS_DIR}/Realm/Realm.framework",
				"${BUILT_PRODUCTS_DIR}/RealmSwift/RealmSwift.framework",
			);
			name = "[CP] Embed Pods Frameworks";
			outputPaths = (
				"${TARGET_BUILD_DIR}/${FRAMEWORKS_FOLDER_PATH}/FeedKit.framework",
				"${TARGET_BUILD_DIR}/${FRAMEWORKS_FOLDER_PATH}/Realm.framework",
				"${TARGET_BUILD_DIR}/${FRAMEWORKS_FOLDER_PATH}/RealmSwift.framework",
			);
			runOnlyForDeploymentPostprocessing = 0;
			shellPath = /bin/sh;
			shellScript = "\"${SRCROOT}/Pods/Target Support Files/Pods-Wemotely/Pods-Wemotely-frameworks.sh\"\n";
			showEnvVarsInLog = 0;
		};
		C59155F9F7E642B4C41200B0 /* [CP] Copy Pods Resources */ = {
			isa = PBXShellScriptBuildPhase;
			buildActionMask = 2147483647;
			files = (
			);
			inputPaths = (
			);
			name = "[CP] Copy Pods Resources";
			outputPaths = (
			);
			runOnlyForDeploymentPostprocessing = 0;
			shellPath = /bin/sh;
			shellScript = "\"${SRCROOT}/Pods/Target Support Files/Pods-Wemotely/Pods-Wemotely-resources.sh\"\n";
			showEnvVarsInLog = 0;
		};
		FA512F3762F14F8C5F49345F /* [CP] Check Pods Manifest.lock */ = {
			isa = PBXShellScriptBuildPhase;
			buildActionMask = 2147483647;
			files = (
			);
			inputPaths = (
				"${PODS_PODFILE_DIR_PATH}/Podfile.lock",
				"${PODS_ROOT}/Manifest.lock",
			);
			name = "[CP] Check Pods Manifest.lock";
			outputPaths = (
				"$(DERIVED_FILE_DIR)/Pods-Wemotely-checkManifestLockResult.txt",
			);
			runOnlyForDeploymentPostprocessing = 0;
			shellPath = /bin/sh;
			shellScript = "diff \"${PODS_PODFILE_DIR_PATH}/Podfile.lock\" \"${PODS_ROOT}/Manifest.lock\" > /dev/null\nif [ $? != 0 ] ; then\n    # print error to STDERR\n    echo \"error: The sandbox is not in sync with the Podfile.lock. Run 'pod install' or update your CocoaPods installation.\" >&2\n    exit 1\nfi\n# This output is used by Xcode 'outputs' to avoid re-running this script phase.\necho \"SUCCESS\" > \"${SCRIPT_OUTPUT_FILE_0}\"\n";
			showEnvVarsInLog = 0;
		};
/* End PBXShellScriptBuildPhase section */

/* Begin PBXSourcesBuildPhase section */
		A57DDF12204ACCEB0031D7DF /* Sources */ = {
			isa = PBXSourcesBuildPhase;
			buildActionMask = 2147483647;
			files = (
				A57DDF1E204ACCEB0031D7DF /* JobViewController.swift in Sources */,
				A528FD4A204B21970020ABA9 /* NotificationOptionsTableViewController.swift in Sources */,
				A538841F204AF241008253D7 /* JobsTableViewController.swift in Sources */,
				A528FD46204B075F0020ABA9 /* SettingsTableViewController.swift in Sources */,
				A57DDF1C204ACCEB0031D7DF /* DashboardTableViewController.swift in Sources */,
				A528FD48204B09FF0020ABA9 /* FilterTableViewController.swift in Sources */,
				A57DDF1A204ACCEB0031D7DF /* AppDelegate.swift in Sources */,
				A5388421204AF732008253D7 /* Job.swift in Sources */,
			);
			runOnlyForDeploymentPostprocessing = 0;
		};
		A57DDF28204ACCEC0031D7DF /* Sources */ = {
			isa = PBXSourcesBuildPhase;
			buildActionMask = 2147483647;
			files = (
				A57DDF31204ACCEC0031D7DF /* WemotelyTests.swift in Sources */,
			);
			runOnlyForDeploymentPostprocessing = 0;
		};
		A57DDF33204ACCEC0031D7DF /* Sources */ = {
			isa = PBXSourcesBuildPhase;
			buildActionMask = 2147483647;
			files = (
				A57DDF3C204ACCEC0031D7DF /* WemotelyUITests.swift in Sources */,
			);
			runOnlyForDeploymentPostprocessing = 0;
		};
/* End PBXSourcesBuildPhase section */

/* Begin PBXTargetDependency section */
		A57DDF2E204ACCEC0031D7DF /* PBXTargetDependency */ = {
			isa = PBXTargetDependency;
			target = A57DDF15204ACCEB0031D7DF /* Wemotely */;
			targetProxy = A57DDF2D204ACCEC0031D7DF /* PBXContainerItemProxy */;
		};
		A57DDF39204ACCEC0031D7DF /* PBXTargetDependency */ = {
			isa = PBXTargetDependency;
			target = A57DDF15204ACCEB0031D7DF /* Wemotely */;
			targetProxy = A57DDF38204ACCEC0031D7DF /* PBXContainerItemProxy */;
		};
/* End PBXTargetDependency section */

/* Begin PBXVariantGroup section */
		A57DDF1F204ACCEB0031D7DF /* Main.storyboard */ = {
			isa = PBXVariantGroup;
			children = (
				A57DDF20204ACCEB0031D7DF /* Base */,
			);
			name = Main.storyboard;
			sourceTree = "<group>";
		};
		A57DDF24204ACCEB0031D7DF /* LaunchScreen.storyboard */ = {
			isa = PBXVariantGroup;
			children = (
				A57DDF25204ACCEB0031D7DF /* Base */,
			);
			name = LaunchScreen.storyboard;
			sourceTree = "<group>";
		};
/* End PBXVariantGroup section */

/* Begin XCBuildConfiguration section */
		A57DDF3E204ACCEC0031D7DF /* Debug */ = {
			isa = XCBuildConfiguration;
			buildSettings = {
				ALWAYS_SEARCH_USER_PATHS = NO;
				CLANG_ANALYZER_NONNULL = YES;
				CLANG_ANALYZER_NUMBER_OBJECT_CONVERSION = YES_AGGRESSIVE;
				CLANG_CXX_LANGUAGE_STANDARD = "gnu++14";
				CLANG_CXX_LIBRARY = "libc++";
				CLANG_ENABLE_MODULES = YES;
				CLANG_ENABLE_OBJC_ARC = YES;
				CLANG_WARN_BLOCK_CAPTURE_AUTORELEASING = YES;
				CLANG_WARN_BOOL_CONVERSION = YES;
				CLANG_WARN_COMMA = YES;
				CLANG_WARN_CONSTANT_CONVERSION = YES;
				CLANG_WARN_DIRECT_OBJC_ISA_USAGE = YES_ERROR;
				CLANG_WARN_DOCUMENTATION_COMMENTS = YES;
				CLANG_WARN_EMPTY_BODY = YES;
				CLANG_WARN_ENUM_CONVERSION = YES;
				CLANG_WARN_INFINITE_RECURSION = YES;
				CLANG_WARN_INT_CONVERSION = YES;
				CLANG_WARN_NON_LITERAL_NULL_CONVERSION = YES;
				CLANG_WARN_OBJC_LITERAL_CONVERSION = YES;
				CLANG_WARN_OBJC_ROOT_CLASS = YES_ERROR;
				CLANG_WARN_RANGE_LOOP_ANALYSIS = YES;
				CLANG_WARN_STRICT_PROTOTYPES = YES;
				CLANG_WARN_SUSPICIOUS_MOVE = YES;
				CLANG_WARN_UNGUARDED_AVAILABILITY = YES_AGGRESSIVE;
				CLANG_WARN_UNREACHABLE_CODE = YES;
				CLANG_WARN__DUPLICATE_METHOD_MATCH = YES;
				CODE_SIGN_IDENTITY = "iPhone Developer";
				COPY_PHASE_STRIP = NO;
				DEBUG_INFORMATION_FORMAT = dwarf;
				ENABLE_STRICT_OBJC_MSGSEND = YES;
				ENABLE_TESTABILITY = YES;
				GCC_C_LANGUAGE_STANDARD = gnu11;
				GCC_DYNAMIC_NO_PIC = NO;
				GCC_NO_COMMON_BLOCKS = YES;
				GCC_OPTIMIZATION_LEVEL = 0;
				GCC_PREPROCESSOR_DEFINITIONS = (
					"DEBUG=1",
					"$(inherited)",
				);
				GCC_WARN_64_TO_32_BIT_CONVERSION = YES;
				GCC_WARN_ABOUT_RETURN_TYPE = YES_ERROR;
				GCC_WARN_UNDECLARED_SELECTOR = YES;
				GCC_WARN_UNINITIALIZED_AUTOS = YES_AGGRESSIVE;
				GCC_WARN_UNUSED_FUNCTION = YES;
				GCC_WARN_UNUSED_VARIABLE = YES;
				IPHONEOS_DEPLOYMENT_TARGET = 11.2;
				MTL_ENABLE_DEBUG_INFO = YES;
				ONLY_ACTIVE_ARCH = YES;
				SDKROOT = iphoneos;
				SWIFT_ACTIVE_COMPILATION_CONDITIONS = DEBUG;
				SWIFT_OPTIMIZATION_LEVEL = "-Onone";
			};
			name = Debug;
		};
		A57DDF3F204ACCEC0031D7DF /* Release */ = {
			isa = XCBuildConfiguration;
			buildSettings = {
				ALWAYS_SEARCH_USER_PATHS = NO;
				CLANG_ANALYZER_NONNULL = YES;
				CLANG_ANALYZER_NUMBER_OBJECT_CONVERSION = YES_AGGRESSIVE;
				CLANG_CXX_LANGUAGE_STANDARD = "gnu++14";
				CLANG_CXX_LIBRARY = "libc++";
				CLANG_ENABLE_MODULES = YES;
				CLANG_ENABLE_OBJC_ARC = YES;
				CLANG_WARN_BLOCK_CAPTURE_AUTORELEASING = YES;
				CLANG_WARN_BOOL_CONVERSION = YES;
				CLANG_WARN_COMMA = YES;
				CLANG_WARN_CONSTANT_CONVERSION = YES;
				CLANG_WARN_DIRECT_OBJC_ISA_USAGE = YES_ERROR;
				CLANG_WARN_DOCUMENTATION_COMMENTS = YES;
				CLANG_WARN_EMPTY_BODY = YES;
				CLANG_WARN_ENUM_CONVERSION = YES;
				CLANG_WARN_INFINITE_RECURSION = YES;
				CLANG_WARN_INT_CONVERSION = YES;
				CLANG_WARN_NON_LITERAL_NULL_CONVERSION = YES;
				CLANG_WARN_OBJC_LITERAL_CONVERSION = YES;
				CLANG_WARN_OBJC_ROOT_CLASS = YES_ERROR;
				CLANG_WARN_RANGE_LOOP_ANALYSIS = YES;
				CLANG_WARN_STRICT_PROTOTYPES = YES;
				CLANG_WARN_SUSPICIOUS_MOVE = YES;
				CLANG_WARN_UNGUARDED_AVAILABILITY = YES_AGGRESSIVE;
				CLANG_WARN_UNREACHABLE_CODE = YES;
				CLANG_WARN__DUPLICATE_METHOD_MATCH = YES;
				CODE_SIGN_IDENTITY = "iPhone Developer";
				COPY_PHASE_STRIP = NO;
				DEBUG_INFORMATION_FORMAT = "dwarf-with-dsym";
				ENABLE_NS_ASSERTIONS = NO;
				ENABLE_STRICT_OBJC_MSGSEND = YES;
				GCC_C_LANGUAGE_STANDARD = gnu11;
				GCC_NO_COMMON_BLOCKS = YES;
				GCC_WARN_64_TO_32_BIT_CONVERSION = YES;
				GCC_WARN_ABOUT_RETURN_TYPE = YES_ERROR;
				GCC_WARN_UNDECLARED_SELECTOR = YES;
				GCC_WARN_UNINITIALIZED_AUTOS = YES_AGGRESSIVE;
				GCC_WARN_UNUSED_FUNCTION = YES;
				GCC_WARN_UNUSED_VARIABLE = YES;
				IPHONEOS_DEPLOYMENT_TARGET = 11.2;
				MTL_ENABLE_DEBUG_INFO = NO;
				SDKROOT = iphoneos;
				SWIFT_OPTIMIZATION_LEVEL = "-Owholemodule";
				VALIDATE_PRODUCT = YES;
			};
			name = Release;
		};
		A57DDF41204ACCEC0031D7DF /* Debug */ = {
			isa = XCBuildConfiguration;
			baseConfigurationReference = 4FEA023235FF8AF7F73090DA /* Pods-Wemotely.debug.xcconfig */;
			buildSettings = {
				ASSETCATALOG_COMPILER_APPICON_NAME = AppIcon;
				CODE_SIGN_STYLE = Automatic;
				DEVELOPMENT_TEAM = 4PJ737FCUT;
				INFOPLIST_FILE = Wemotely/Info.plist;
				LD_RUNPATH_SEARCH_PATHS = "$(inherited) @executable_path/Frameworks";
				PRODUCT_BUNDLE_IDENTIFIER = com.insertcoffee.Wemotely;
				PRODUCT_NAME = "$(TARGET_NAME)";
				SWIFT_VERSION = 4.0;
				TARGETED_DEVICE_FAMILY = "1,2";
			};
			name = Debug;
		};
		A57DDF42204ACCEC0031D7DF /* Release */ = {
			isa = XCBuildConfiguration;
			baseConfigurationReference = 65D7437FCE9A22E3D8DF3D37 /* Pods-Wemotely.release.xcconfig */;
			buildSettings = {
				ASSETCATALOG_COMPILER_APPICON_NAME = AppIcon;
				CODE_SIGN_STYLE = Automatic;
				DEVELOPMENT_TEAM = 4PJ737FCUT;
				INFOPLIST_FILE = Wemotely/Info.plist;
				LD_RUNPATH_SEARCH_PATHS = "$(inherited) @executable_path/Frameworks";
				PRODUCT_BUNDLE_IDENTIFIER = com.insertcoffee.Wemotely;
				PRODUCT_NAME = "$(TARGET_NAME)";
				SWIFT_VERSION = 4.0;
				TARGETED_DEVICE_FAMILY = "1,2";
			};
			name = Release;
		};
		A57DDF44204ACCEC0031D7DF /* Debug */ = {
			isa = XCBuildConfiguration;
			buildSettings = {
				ALWAYS_EMBED_SWIFT_STANDARD_LIBRARIES = YES;
				BUNDLE_LOADER = "$(TEST_HOST)";
				CODE_SIGN_STYLE = Automatic;
				DEVELOPMENT_TEAM = 4PJ737FCUT;
				INFOPLIST_FILE = WemotelyTests/Info.plist;
				LD_RUNPATH_SEARCH_PATHS = "$(inherited) @executable_path/Frameworks @loader_path/Frameworks";
				PRODUCT_BUNDLE_IDENTIFIER = com.insertcoffee.WemotelyTests;
				PRODUCT_NAME = "$(TARGET_NAME)";
				SWIFT_VERSION = 4.0;
				TARGETED_DEVICE_FAMILY = "1,2";
				TEST_HOST = "$(BUILT_PRODUCTS_DIR)/Wemotely.app/Wemotely";
			};
			name = Debug;
		};
		A57DDF45204ACCEC0031D7DF /* Release */ = {
			isa = XCBuildConfiguration;
			buildSettings = {
				ALWAYS_EMBED_SWIFT_STANDARD_LIBRARIES = YES;
				BUNDLE_LOADER = "$(TEST_HOST)";
				CODE_SIGN_STYLE = Automatic;
				DEVELOPMENT_TEAM = 4PJ737FCUT;
				INFOPLIST_FILE = WemotelyTests/Info.plist;
				LD_RUNPATH_SEARCH_PATHS = "$(inherited) @executable_path/Frameworks @loader_path/Frameworks";
				PRODUCT_BUNDLE_IDENTIFIER = com.insertcoffee.WemotelyTests;
				PRODUCT_NAME = "$(TARGET_NAME)";
				SWIFT_VERSION = 4.0;
				TARGETED_DEVICE_FAMILY = "1,2";
				TEST_HOST = "$(BUILT_PRODUCTS_DIR)/Wemotely.app/Wemotely";
			};
			name = Release;
		};
		A57DDF47204ACCEC0031D7DF /* Debug */ = {
			isa = XCBuildConfiguration;
			buildSettings = {
				ALWAYS_EMBED_SWIFT_STANDARD_LIBRARIES = YES;
				CODE_SIGN_STYLE = Automatic;
				DEVELOPMENT_TEAM = 4PJ737FCUT;
				INFOPLIST_FILE = WemotelyUITests/Info.plist;
				LD_RUNPATH_SEARCH_PATHS = "$(inherited) @executable_path/Frameworks @loader_path/Frameworks";
				PRODUCT_BUNDLE_IDENTIFIER = com.insertcoffee.WemotelyUITests;
				PRODUCT_NAME = "$(TARGET_NAME)";
				SWIFT_VERSION = 4.0;
				TARGETED_DEVICE_FAMILY = "1,2";
				TEST_TARGET_NAME = Wemotely;
			};
			name = Debug;
		};
		A57DDF48204ACCEC0031D7DF /* Release */ = {
			isa = XCBuildConfiguration;
			buildSettings = {
				ALWAYS_EMBED_SWIFT_STANDARD_LIBRARIES = YES;
				CODE_SIGN_STYLE = Automatic;
				DEVELOPMENT_TEAM = 4PJ737FCUT;
				INFOPLIST_FILE = WemotelyUITests/Info.plist;
				LD_RUNPATH_SEARCH_PATHS = "$(inherited) @executable_path/Frameworks @loader_path/Frameworks";
				PRODUCT_BUNDLE_IDENTIFIER = com.insertcoffee.WemotelyUITests;
				PRODUCT_NAME = "$(TARGET_NAME)";
				SWIFT_VERSION = 4.0;
				TARGETED_DEVICE_FAMILY = "1,2";
				TEST_TARGET_NAME = Wemotely;
			};
			name = Release;
		};
/* End XCBuildConfiguration section */

/* Begin XCConfigurationList section */
		A57DDF11204ACCEB0031D7DF /* Build configuration list for PBXProject "Wemotely" */ = {
			isa = XCConfigurationList;
			buildConfigurations = (
				A57DDF3E204ACCEC0031D7DF /* Debug */,
				A57DDF3F204ACCEC0031D7DF /* Release */,
			);
			defaultConfigurationIsVisible = 0;
			defaultConfigurationName = Release;
		};
		A57DDF40204ACCEC0031D7DF /* Build configuration list for PBXNativeTarget "Wemotely" */ = {
			isa = XCConfigurationList;
			buildConfigurations = (
				A57DDF41204ACCEC0031D7DF /* Debug */,
				A57DDF42204ACCEC0031D7DF /* Release */,
			);
			defaultConfigurationIsVisible = 0;
			defaultConfigurationName = Release;
		};
		A57DDF43204ACCEC0031D7DF /* Build configuration list for PBXNativeTarget "WemotelyTests" */ = {
			isa = XCConfigurationList;
			buildConfigurations = (
				A57DDF44204ACCEC0031D7DF /* Debug */,
				A57DDF45204ACCEC0031D7DF /* Release */,
			);
			defaultConfigurationIsVisible = 0;
			defaultConfigurationName = Release;
		};
		A57DDF46204ACCEC0031D7DF /* Build configuration list for PBXNativeTarget "WemotelyUITests" */ = {
			isa = XCConfigurationList;
			buildConfigurations = (
				A57DDF47204ACCEC0031D7DF /* Debug */,
				A57DDF48204ACCEC0031D7DF /* Release */,
			);
			defaultConfigurationIsVisible = 0;
			defaultConfigurationName = Release;
		};
/* End XCConfigurationList section */
	};
	rootObject = A57DDF0E204ACCEB0031D7DF /* Project object */;
}
