// !$*UTF8*$!
{
	archiveVersion = 1;
	classes = {
	};
	objectVersion = 48;
	objects = {

/* Begin PBXBuildFile section */
		A50F1B512057D2EF00C73AF9 /* DashboardTableViewCell.swift in Sources */ = {isa = PBXBuildFile; fileRef = A50F1B502057D2EF00C73AF9 /* DashboardTableViewCell.swift */; };
		A51597002059CAEA0096C52C /* EditDashboardTests.swift in Sources */ = {isa = PBXBuildFile; fileRef = A51596FF2059CAEA0096C52C /* EditDashboardTests.swift */; };
		A5159702205A641B0096C52C /* XCUIApplication+Helper.swift in Sources */ = {isa = PBXBuildFile; fileRef = A5159701205A641B0096C52C /* XCUIApplication+Helper.swift */; };
		A5159704205A7AB40096C52C /* XCUIApplication+Asserts.swift in Sources */ = {isa = PBXBuildFile; fileRef = A5159703205A7AB40096C52C /* XCUIApplication+Asserts.swift */; };
		A5159E27204FD6E00056AF57 /* RealmProvider.swift in Sources */ = {isa = PBXBuildFile; fileRef = A5159E26204FD6E00056AF57 /* RealmProvider.swift */; };
		A528FD46204B075F0020ABA9 /* SettingsTableViewController.swift in Sources */ = {isa = PBXBuildFile; fileRef = A528FD45204B075F0020ABA9 /* SettingsTableViewController.swift */; };
		A528FD48204B09FF0020ABA9 /* DashboardEditTableViewController.swift in Sources */ = {isa = PBXBuildFile; fileRef = A528FD47204B09FF0020ABA9 /* DashboardEditTableViewController.swift */; };
		A528FD4A204B21970020ABA9 /* NotificationOptionsTableViewController.swift in Sources */ = {isa = PBXBuildFile; fileRef = A528FD49204B21970020ABA9 /* NotificationOptionsTableViewController.swift */; };
		A528FD51204C05CD0020ABA9 /* XCUIApplication+Segues.swift in Sources */ = {isa = PBXBuildFile; fileRef = A528FD50204C05CD0020ABA9 /* XCUIApplication+Segues.swift */; };
		A528FD53204C108A0020ABA9 /* XCUIApplication+Device.swift in Sources */ = {isa = PBXBuildFile; fileRef = A528FD52204C108A0020ABA9 /* XCUIApplication+Device.swift */; };
		A538841F204AF241008253D7 /* JobsTableViewController.swift in Sources */ = {isa = PBXBuildFile; fileRef = A538841E204AF241008253D7 /* JobsTableViewController.swift */; };
		A5388421204AF732008253D7 /* Job.swift in Sources */ = {isa = PBXBuildFile; fileRef = A5388420204AF732008253D7 /* Job.swift */; };
		A5564F182073894600F75E28 /* JobsTableViewControllerTests.swift in Sources */ = {isa = PBXBuildFile; fileRef = A5564F172073894600F75E28 /* JobsTableViewControllerTests.swift */; };
		A5564F1C2073971000F75E28 /* TestFixtures.swift in Sources */ = {isa = PBXBuildFile; fileRef = A5564F1B2073971000F75E28 /* TestFixtures.swift */; };
		A5564F2120739FDF00F75E28 /* DashboardTableViewControllerTests.swift in Sources */ = {isa = PBXBuildFile; fileRef = A5564F2020739FDF00F75E28 /* DashboardTableViewControllerTests.swift */; };
		A5797F11205FA75100828E3B /* CustomColor.swift in Sources */ = {isa = PBXBuildFile; fileRef = A5797F10205FA75100828E3B /* CustomColor.swift */; };
		A57DDF1A204ACCEB0031D7DF /* AppDelegate.swift in Sources */ = {isa = PBXBuildFile; fileRef = A57DDF19204ACCEB0031D7DF /* AppDelegate.swift */; };
		A57DDF1C204ACCEB0031D7DF /* DashboardTableViewController.swift in Sources */ = {isa = PBXBuildFile; fileRef = A57DDF1B204ACCEB0031D7DF /* DashboardTableViewController.swift */; };
		A57DDF1E204ACCEB0031D7DF /* JobViewController.swift in Sources */ = {isa = PBXBuildFile; fileRef = A57DDF1D204ACCEB0031D7DF /* JobViewController.swift */; };
		A57DDF21204ACCEB0031D7DF /* Main.storyboard in Resources */ = {isa = PBXBuildFile; fileRef = A57DDF1F204ACCEB0031D7DF /* Main.storyboard */; };
		A57DDF23204ACCEB0031D7DF /* Assets.xcassets in Resources */ = {isa = PBXBuildFile; fileRef = A57DDF22204ACCEB0031D7DF /* Assets.xcassets */; };
		A57DDF26204ACCEB0031D7DF /* LaunchScreen.storyboard in Resources */ = {isa = PBXBuildFile; fileRef = A57DDF24204ACCEB0031D7DF /* LaunchScreen.storyboard */; };
		A57DDF31204ACCEC0031D7DF /* JobTests.swift in Sources */ = {isa = PBXBuildFile; fileRef = A57DDF30204ACCEC0031D7DF /* JobTests.swift */; };
		A57DDF3C204ACCEC0031D7DF /* SegueUITests.swift in Sources */ = {isa = PBXBuildFile; fileRef = A57DDF3B204ACCEC0031D7DF /* SegueUITests.swift */; };
		A58180842066AC58006A62B8 /* Log.framework in Frameworks */ = {isa = PBXBuildFile; fileRef = A58180832066AC58006A62B8 /* Log.framework */; };
		A58180852066AC7E006A62B8 /* Log.framework in Frameworks */ = {isa = PBXBuildFile; fileRef = A58180832066AC58006A62B8 /* Log.framework */; };
		A58180872067EEBA006A62B8 /* JobsSwipeActionTests.swift in Sources */ = {isa = PBXBuildFile; fileRef = A58180862067EEBA006A62B8 /* JobsSwipeActionTests.swift */; };
		A581808920680CC7006A62B8 /* Account+QueryTests.swift in Sources */ = {isa = PBXBuildFile; fileRef = A581808820680CC7006A62B8 /* Account+QueryTests.swift */; };
		A581808B20680D7F006A62B8 /* Job+QueryTests.swift in Sources */ = {isa = PBXBuildFile; fileRef = A581808A20680D7F006A62B8 /* Job+QueryTests.swift */; };
		A581C6192066929C007EC4B0 /* Filter.swift in Sources */ = {isa = PBXBuildFile; fileRef = A581C6182066929C007EC4B0 /* Filter.swift */; };
		A581C61B206698F2007EC4B0 /* Job+Query.swift in Sources */ = {isa = PBXBuildFile; fileRef = A581C61A206698F2007EC4B0 /* Job+Query.swift */; };
		A581C62020669943007EC4B0 /* Account+Query.swift in Sources */ = {isa = PBXBuildFile; fileRef = A581C61F20669943007EC4B0 /* Account+Query.swift */; };
		A5963F75205843A10026BFE6 /* DashboardEditTableViewCell.swift in Sources */ = {isa = PBXBuildFile; fileRef = A5963F74205843A10026BFE6 /* DashboardEditTableViewCell.swift */; };
		A5973AB8206669F3000E4625 /* JobsTableViewController+TableView.swift in Sources */ = {isa = PBXBuildFile; fileRef = A5973AB7206669F3000E4625 /* JobsTableViewController+TableView.swift */; };
		A5973ABA20666B09000E4625 /* JobsTableViewController+Segues.swift in Sources */ = {isa = PBXBuildFile; fileRef = A5973AB920666B09000E4625 /* JobsTableViewController+Segues.swift */; };
		A5973ABC20666FC5000E4625 /* DashboardTableViewController+Segues.swift in Sources */ = {isa = PBXBuildFile; fileRef = A5973ABB20666FC5000E4625 /* DashboardTableViewController+Segues.swift */; };
		A5973ABE20666FCF000E4625 /* DashboardTableViewController+TableView.swift in Sources */ = {isa = PBXBuildFile; fileRef = A5973ABD20666FCF000E4625 /* DashboardTableViewController+TableView.swift */; };
		A5973AC02066708D000E4625 /* DashboardTableViewController+Navigation.swift in Sources */ = {isa = PBXBuildFile; fileRef = A5973ABF2066708D000E4625 /* DashboardTableViewController+Navigation.swift */; };
		A5973AC7206671FC000E4625 /* DashboardEditTableViewController+TableView.swift in Sources */ = {isa = PBXBuildFile; fileRef = A5973AC6206671FC000E4625 /* DashboardEditTableViewController+TableView.swift */; };
		A5973ACC206673CE000E4625 /* Platform.swift in Sources */ = {isa = PBXBuildFile; fileRef = A5973ACB206673CE000E4625 /* Platform.swift */; };
		A59F67A8206E3DC4006C6E6E /* job.css in Resources */ = {isa = PBXBuildFile; fileRef = A59F67A7206E3DC4006C6E6E /* job.css */; };
		A59F67AA206E3DE1006C6E6E /* FileLoader.swift in Sources */ = {isa = PBXBuildFile; fileRef = A59F67A9206E3DE1006C6E6E /* FileLoader.swift */; };
		A59F67AC206E429B006C6E6E /* JobViewController+Segues.swift in Sources */ = {isa = PBXBuildFile; fileRef = A59F67AB206E429B006C6E6E /* JobViewController+Segues.swift */; };
		A59F67AE206E42D2006C6E6E /* JobViewController+Toolbar.swift in Sources */ = {isa = PBXBuildFile; fileRef = A59F67AD206E42D2006C6E6E /* JobViewController+Toolbar.swift */; };
		A59F67B0206E431A006C6E6E /* JobViewController+WebView.swift in Sources */ = {isa = PBXBuildFile; fileRef = A59F67AF206E431A006C6E6E /* JobViewController+WebView.swift */; };
		A59F67B2206E5299006C6E6E /* JobTests.swift in Sources */ = {isa = PBXBuildFile; fileRef = A59F67B1206E5299006C6E6E /* JobTests.swift */; };
		A5A8B64B2072291F008D66E7 /* GetJobsService.swift in Sources */ = {isa = PBXBuildFile; fileRef = A5A8B64A2072291F008D66E7 /* GetJobsService.swift */; };
		A5A8B64D20722D68008D66E7 /* JobsTableViewController+Refresh.swift in Sources */ = {isa = PBXBuildFile; fileRef = A5A8B64C20722D68008D66E7 /* JobsTableViewController+Refresh.swift */; };
		A5B5B48E2053E4EA001806B6 /* URLProvider.swift in Sources */ = {isa = PBXBuildFile; fileRef = A5B5B48D2053E4EA001806B6 /* URLProvider.swift */; };
		A5B7133E2056F89C0054439C /* Environment.stencil in Resources */ = {isa = PBXBuildFile; fileRef = A5B7133D2056F89C0054439C /* Environment.stencil */; };
		A5B713412056FB560054439C /* Environment.generated.swift in Sources */ = {isa = PBXBuildFile; fileRef = A5B713402056FB560054439C /* Environment.generated.swift */; };
		A5BF6F8B205B216C0066DE7C /* JobsTableViewCell.swift in Sources */ = {isa = PBXBuildFile; fileRef = A5BF6F8A205B216C0066DE7C /* JobsTableViewCell.swift */; };
		A5CAA28D20543C60009C56BA /* BaseTestCare.swift in Sources */ = {isa = PBXBuildFile; fileRef = A5CAA28C20543C60009C56BA /* BaseTestCare.swift */; };
		A5CAA294205534D4009C56BA /* jobs.xml in Resources */ = {isa = PBXBuildFile; fileRef = A5CAA293205534D4009C56BA /* jobs.xml */; };
		A5CAA29620553BFC009C56BA /* URLProviderTests.swift in Sources */ = {isa = PBXBuildFile; fileRef = A5CAA29520553BFC009C56BA /* URLProviderTests.swift */; };
		A5D6753A207004E6004C3A0B /* SwiftHash.framework in Frameworks */ = {isa = PBXBuildFile; fileRef = A5D67539207004E6004C3A0B /* SwiftHash.framework */; };
		A5D6753B2070051A004C3A0B /* SwiftHash.framework in Frameworks */ = {isa = PBXBuildFile; fileRef = A5D67539207004E6004C3A0B /* SwiftHash.framework */; };
		A5DF66EC20528F5800DA181C /* DashboardPresenterTests.swift in Sources */ = {isa = PBXBuildFile; fileRef = A5DF66EB20528F5800DA181C /* DashboardPresenterTests.swift */; };
		A5DF7ECB204FE04A0073F4D5 /* Realm.framework in Frameworks */ = {isa = PBXBuildFile; fileRef = A59727B2204FD22100D5A917 /* Realm.framework */; };
		A5DF7ECC204FE04A0073F4D5 /* RealmSwift.framework in Frameworks */ = {isa = PBXBuildFile; fileRef = A59727B0204FD21D00D5A917 /* RealmSwift.framework */; };
		A5DF7ECD204FE05E0073F4D5 /* Realm.framework in Frameworks */ = {isa = PBXBuildFile; fileRef = A59727B2204FD22100D5A917 /* Realm.framework */; };
		A5DF7ECE204FE05E0073F4D5 /* RealmSwift.framework in Frameworks */ = {isa = PBXBuildFile; fileRef = A59727B0204FD21D00D5A917 /* RealmSwift.framework */; };
		A5E550772057253C00A43288 /* Bugsnag.framework in Frameworks */ = {isa = PBXBuildFile; fileRef = A5960CB9205718D20060C71B /* Bugsnag.framework */; };
		A5E550782057255400A43288 /* Bugsnag.framework in Frameworks */ = {isa = PBXBuildFile; fileRef = A5960CB9205718D20060C71B /* Bugsnag.framework */; };
		A5F990F82051AF6D005D7C42 /* Account.swift in Sources */ = {isa = PBXBuildFile; fileRef = A5F990F72051AF6D005D7C42 /* Account.swift */; };
		A5F990FA2051AFEA005D7C42 /* AccountTests.swift in Sources */ = {isa = PBXBuildFile; fileRef = A5F990F92051AFEA005D7C42 /* AccountTests.swift */; };
		A5F991032051B7DE005D7C42 /* FeedServiceTests.swift in Sources */ = {isa = PBXBuildFile; fileRef = A5F991022051B7DE005D7C42 /* FeedServiceTests.swift */; };
		A5F991052051B801005D7C42 /* FeedService.swift in Sources */ = {isa = PBXBuildFile; fileRef = A5F991042051B801005D7C42 /* FeedService.swift */; };
		A5F9910A2051BF0A005D7C42 /* FeedKit.framework in Frameworks */ = {isa = PBXBuildFile; fileRef = A5F991092051BF0A005D7C42 /* FeedKit.framework */; };
		A5F9910B2051BF16005D7C42 /* FeedKit.framework in Frameworks */ = {isa = PBXBuildFile; fileRef = A5F991092051BF0A005D7C42 /* FeedKit.framework */; };
		A5F991112052736C005D7C42 /* Seed.swift in Sources */ = {isa = PBXBuildFile; fileRef = A5F991102052736C005D7C42 /* Seed.swift */; };
		A5F9911320527466005D7C42 /* App.swift in Sources */ = {isa = PBXBuildFile; fileRef = A5F9911220527466005D7C42 /* App.swift */; };
		A5F9911520527705005D7C42 /* AppTests.swift in Sources */ = {isa = PBXBuildFile; fileRef = A5F9911420527705005D7C42 /* AppTests.swift */; };
		A5F9911A205279B2005D7C42 /* SeedTests.swift in Sources */ = {isa = PBXBuildFile; fileRef = A5F99119205279B2005D7C42 /* SeedTests.swift */; };
		A5F9911D2052850B005D7C42 /* DashboardPresenter.swift in Sources */ = {isa = PBXBuildFile; fileRef = A5F9911C2052850B005D7C42 /* DashboardPresenter.swift */; };
/* End PBXBuildFile section */

/* Begin PBXContainerItemProxy section */
		A57DDF2D204ACCEC0031D7DF /* PBXContainerItemProxy */ = {
			isa = PBXContainerItemProxy;
			containerPortal = A57DDF0E204ACCEB0031D7DF /* Project object */;
			proxyType = 1;
			remoteGlobalIDString = A57DDF15204ACCEB0031D7DF;
			remoteInfo = Wemotely;
		};
		A57DDF38204ACCEC0031D7DF /* PBXContainerItemProxy */ = {
			isa = PBXContainerItemProxy;
			containerPortal = A57DDF0E204ACCEB0031D7DF /* Project object */;
			proxyType = 1;
			remoteGlobalIDString = A57DDF15204ACCEB0031D7DF;
			remoteInfo = Wemotely;
		};
/* End PBXContainerItemProxy section */

/* Begin PBXFileReference section */
		A50F1B502057D2EF00C73AF9 /* DashboardTableViewCell.swift */ = {isa = PBXFileReference; lastKnownFileType = sourcecode.swift; path = DashboardTableViewCell.swift; sourceTree = "<group>"; };
		A51596FF2059CAEA0096C52C /* EditDashboardTests.swift */ = {isa = PBXFileReference; lastKnownFileType = sourcecode.swift; path = EditDashboardTests.swift; sourceTree = "<group>"; };
		A5159701205A641B0096C52C /* XCUIApplication+Helper.swift */ = {isa = PBXFileReference; lastKnownFileType = sourcecode.swift; path = "XCUIApplication+Helper.swift"; sourceTree = "<group>"; };
		A5159703205A7AB40096C52C /* XCUIApplication+Asserts.swift */ = {isa = PBXFileReference; lastKnownFileType = sourcecode.swift; path = "XCUIApplication+Asserts.swift"; sourceTree = "<group>"; };
		A5159E22204FD6730056AF57 /* RealmSwift.framework.dSYM */ = {isa = PBXFileReference; lastKnownFileType = wrapper.dsym; name = RealmSwift.framework.dSYM; path = Carthage/Build/iOS/RealmSwift.framework.dSYM; sourceTree = "<group>"; };
		A5159E23204FD6730056AF57 /* Realm.framework.dSYM */ = {isa = PBXFileReference; lastKnownFileType = wrapper.dsym; name = Realm.framework.dSYM; path = Carthage/Build/iOS/Realm.framework.dSYM; sourceTree = "<group>"; };
		A5159E26204FD6E00056AF57 /* RealmProvider.swift */ = {isa = PBXFileReference; lastKnownFileType = sourcecode.swift; path = RealmProvider.swift; sourceTree = "<group>"; };
		A528FD45204B075F0020ABA9 /* SettingsTableViewController.swift */ = {isa = PBXFileReference; lastKnownFileType = sourcecode.swift; path = SettingsTableViewController.swift; sourceTree = "<group>"; };
		A528FD47204B09FF0020ABA9 /* DashboardEditTableViewController.swift */ = {isa = PBXFileReference; lastKnownFileType = sourcecode.swift; path = DashboardEditTableViewController.swift; sourceTree = "<group>"; };
		A528FD49204B21970020ABA9 /* NotificationOptionsTableViewController.swift */ = {isa = PBXFileReference; lastKnownFileType = sourcecode.swift; path = NotificationOptionsTableViewController.swift; sourceTree = "<group>"; };
		A528FD50204C05CD0020ABA9 /* XCUIApplication+Segues.swift */ = {isa = PBXFileReference; lastKnownFileType = sourcecode.swift; path = "XCUIApplication+Segues.swift"; sourceTree = "<group>"; };
		A528FD52204C108A0020ABA9 /* XCUIApplication+Device.swift */ = {isa = PBXFileReference; lastKnownFileType = sourcecode.swift; path = "XCUIApplication+Device.swift"; sourceTree = "<group>"; };
		A538841E204AF241008253D7 /* JobsTableViewController.swift */ = {isa = PBXFileReference; lastKnownFileType = sourcecode.swift; path = JobsTableViewController.swift; sourceTree = "<group>"; };
		A5388420204AF732008253D7 /* Job.swift */ = {isa = PBXFileReference; lastKnownFileType = sourcecode.swift; path = Job.swift; sourceTree = "<group>"; };
		A5564F172073894600F75E28 /* JobsTableViewControllerTests.swift */ = {isa = PBXFileReference; lastKnownFileType = sourcecode.swift; path = JobsTableViewControllerTests.swift; sourceTree = "<group>"; };
		A5564F1B2073971000F75E28 /* TestFixtures.swift */ = {isa = PBXFileReference; lastKnownFileType = sourcecode.swift; path = TestFixtures.swift; sourceTree = "<group>"; };
		A5564F2020739FDF00F75E28 /* DashboardTableViewControllerTests.swift */ = {isa = PBXFileReference; fileEncoding = 4; lastKnownFileType = sourcecode.swift; path = DashboardTableViewControllerTests.swift; sourceTree = "<group>"; };
		A5797F10205FA75100828E3B /* CustomColor.swift */ = {isa = PBXFileReference; lastKnownFileType = sourcecode.swift; path = CustomColor.swift; sourceTree = "<group>"; };
		A57DDF16204ACCEB0031D7DF /* Wemotely.app */ = {isa = PBXFileReference; explicitFileType = wrapper.application; includeInIndex = 0; path = Wemotely.app; sourceTree = BUILT_PRODUCTS_DIR; };
		A57DDF19204ACCEB0031D7DF /* AppDelegate.swift */ = {isa = PBXFileReference; lastKnownFileType = sourcecode.swift; path = AppDelegate.swift; sourceTree = "<group>"; };
		A57DDF1B204ACCEB0031D7DF /* DashboardTableViewController.swift */ = {isa = PBXFileReference; lastKnownFileType = sourcecode.swift; path = DashboardTableViewController.swift; sourceTree = "<group>"; };
		A57DDF1D204ACCEB0031D7DF /* JobViewController.swift */ = {isa = PBXFileReference; lastKnownFileType = sourcecode.swift; path = JobViewController.swift; sourceTree = "<group>"; };
		A57DDF20204ACCEB0031D7DF /* Base */ = {isa = PBXFileReference; lastKnownFileType = file.storyboard; name = Base; path = Base.lproj/Main.storyboard; sourceTree = "<group>"; };
		A57DDF22204ACCEB0031D7DF /* Assets.xcassets */ = {isa = PBXFileReference; lastKnownFileType = folder.assetcatalog; path = Assets.xcassets; sourceTree = "<group>"; };
		A57DDF25204ACCEB0031D7DF /* Base */ = {isa = PBXFileReference; lastKnownFileType = file.storyboard; name = Base; path = Base.lproj/LaunchScreen.storyboard; sourceTree = "<group>"; };
		A57DDF27204ACCEB0031D7DF /* Info.plist */ = {isa = PBXFileReference; lastKnownFileType = text.plist.xml; path = Info.plist; sourceTree = "<group>"; };
		A57DDF2C204ACCEC0031D7DF /* WemotelyTests.xctest */ = {isa = PBXFileReference; explicitFileType = wrapper.cfbundle; includeInIndex = 0; path = WemotelyTests.xctest; sourceTree = BUILT_PRODUCTS_DIR; };
		A57DDF30204ACCEC0031D7DF /* JobTests.swift */ = {isa = PBXFileReference; lastKnownFileType = sourcecode.swift; path = JobTests.swift; sourceTree = "<group>"; };
		A57DDF32204ACCEC0031D7DF /* Info.plist */ = {isa = PBXFileReference; lastKnownFileType = text.plist.xml; path = Info.plist; sourceTree = "<group>"; };
		A57DDF37204ACCEC0031D7DF /* WemotelyUITests.xctest */ = {isa = PBXFileReference; explicitFileType = wrapper.cfbundle; includeInIndex = 0; path = WemotelyUITests.xctest; sourceTree = BUILT_PRODUCTS_DIR; };
		A57DDF3B204ACCEC0031D7DF /* SegueUITests.swift */ = {isa = PBXFileReference; lastKnownFileType = sourcecode.swift; path = SegueUITests.swift; sourceTree = "<group>"; };
		A57DDF3D204ACCEC0031D7DF /* Info.plist */ = {isa = PBXFileReference; lastKnownFileType = text.plist.xml; path = Info.plist; sourceTree = "<group>"; };
		A58180832066AC58006A62B8 /* Log.framework */ = {isa = PBXFileReference; lastKnownFileType = wrapper.framework; name = Log.framework; path = Carthage/Build/iOS/Log.framework; sourceTree = "<group>"; };
		A58180862067EEBA006A62B8 /* JobsSwipeActionTests.swift */ = {isa = PBXFileReference; lastKnownFileType = sourcecode.swift; path = JobsSwipeActionTests.swift; sourceTree = "<group>"; };
		A581808820680CC7006A62B8 /* Account+QueryTests.swift */ = {isa = PBXFileReference; fileEncoding = 4; lastKnownFileType = sourcecode.swift; path = "Account+QueryTests.swift"; sourceTree = "<group>"; };
		A581808A20680D7F006A62B8 /* Job+QueryTests.swift */ = {isa = PBXFileReference; lastKnownFileType = sourcecode.swift; path = "Job+QueryTests.swift"; sourceTree = "<group>"; };
		A581C6182066929C007EC4B0 /* Filter.swift */ = {isa = PBXFileReference; lastKnownFileType = sourcecode.swift; path = Filter.swift; sourceTree = "<group>"; };
		A581C61A206698F2007EC4B0 /* Job+Query.swift */ = {isa = PBXFileReference; lastKnownFileType = sourcecode.swift; path = "Job+Query.swift"; sourceTree = "<group>"; };
		A581C61F20669943007EC4B0 /* Account+Query.swift */ = {isa = PBXFileReference; lastKnownFileType = sourcecode.swift; path = "Account+Query.swift"; sourceTree = "<group>"; };
		A5960CB9205718D20060C71B /* Bugsnag.framework */ = {isa = PBXFileReference; lastKnownFileType = wrapper.framework; name = Bugsnag.framework; path = Carthage/Build/iOS/Bugsnag.framework; sourceTree = "<group>"; };
		A5963F74205843A10026BFE6 /* DashboardEditTableViewCell.swift */ = {isa = PBXFileReference; lastKnownFileType = sourcecode.swift; path = DashboardEditTableViewCell.swift; sourceTree = "<group>"; };
		A59727B0204FD21D00D5A917 /* RealmSwift.framework */ = {isa = PBXFileReference; lastKnownFileType = wrapper.framework; name = RealmSwift.framework; path = Carthage/Build/iOS/RealmSwift.framework; sourceTree = "<group>"; };
		A59727B2204FD22100D5A917 /* Realm.framework */ = {isa = PBXFileReference; lastKnownFileType = wrapper.framework; name = Realm.framework; path = Carthage/Build/iOS/Realm.framework; sourceTree = "<group>"; };
		A5973AB7206669F3000E4625 /* JobsTableViewController+TableView.swift */ = {isa = PBXFileReference; lastKnownFileType = sourcecode.swift; path = "JobsTableViewController+TableView.swift"; sourceTree = "<group>"; };
		A5973AB920666B09000E4625 /* JobsTableViewController+Segues.swift */ = {isa = PBXFileReference; lastKnownFileType = sourcecode.swift; path = "JobsTableViewController+Segues.swift"; sourceTree = "<group>"; };
		A5973ABB20666FC5000E4625 /* DashboardTableViewController+Segues.swift */ = {isa = PBXFileReference; lastKnownFileType = sourcecode.swift; path = "DashboardTableViewController+Segues.swift"; sourceTree = "<group>"; };
		A5973ABD20666FCF000E4625 /* DashboardTableViewController+TableView.swift */ = {isa = PBXFileReference; lastKnownFileType = sourcecode.swift; path = "DashboardTableViewController+TableView.swift"; sourceTree = "<group>"; };
		A5973ABF2066708D000E4625 /* DashboardTableViewController+Navigation.swift */ = {isa = PBXFileReference; lastKnownFileType = sourcecode.swift; path = "DashboardTableViewController+Navigation.swift"; sourceTree = "<group>"; };
		A5973AC6206671FC000E4625 /* DashboardEditTableViewController+TableView.swift */ = {isa = PBXFileReference; lastKnownFileType = sourcecode.swift; path = "DashboardEditTableViewController+TableView.swift"; sourceTree = "<group>"; };
		A5973ACB206673CE000E4625 /* Platform.swift */ = {isa = PBXFileReference; lastKnownFileType = sourcecode.swift; path = Platform.swift; sourceTree = "<group>"; };
		A59F67A7206E3DC4006C6E6E /* job.css */ = {isa = PBXFileReference; lastKnownFileType = text.css; path = job.css; sourceTree = "<group>"; };
		A59F67A9206E3DE1006C6E6E /* FileLoader.swift */ = {isa = PBXFileReference; fileEncoding = 4; lastKnownFileType = sourcecode.swift; path = FileLoader.swift; sourceTree = "<group>"; };
		A59F67AB206E429B006C6E6E /* JobViewController+Segues.swift */ = {isa = PBXFileReference; lastKnownFileType = sourcecode.swift; path = "JobViewController+Segues.swift"; sourceTree = "<group>"; };
		A59F67AD206E42D2006C6E6E /* JobViewController+Toolbar.swift */ = {isa = PBXFileReference; lastKnownFileType = sourcecode.swift; path = "JobViewController+Toolbar.swift"; sourceTree = "<group>"; };
		A59F67AF206E431A006C6E6E /* JobViewController+WebView.swift */ = {isa = PBXFileReference; lastKnownFileType = sourcecode.swift; path = "JobViewController+WebView.swift"; sourceTree = "<group>"; };
		A59F67B1206E5299006C6E6E /* JobTests.swift */ = {isa = PBXFileReference; lastKnownFileType = sourcecode.swift; path = JobTests.swift; sourceTree = "<group>"; };
		A5A8B64A2072291F008D66E7 /* GetJobsService.swift */ = {isa = PBXFileReference; lastKnownFileType = sourcecode.swift; path = GetJobsService.swift; sourceTree = "<group>"; };
		A5A8B64C20722D68008D66E7 /* JobsTableViewController+Refresh.swift */ = {isa = PBXFileReference; lastKnownFileType = sourcecode.swift; path = "JobsTableViewController+Refresh.swift"; sourceTree = "<group>"; };
		A5B5B48D2053E4EA001806B6 /* URLProvider.swift */ = {isa = PBXFileReference; lastKnownFileType = sourcecode.swift; path = URLProvider.swift; sourceTree = "<group>"; };
		A5B7133D2056F89C0054439C /* Environment.stencil */ = {isa = PBXFileReference; fileEncoding = 4; lastKnownFileType = text; path = Environment.stencil; sourceTree = "<group>"; };
		A5B713402056FB560054439C /* Environment.generated.swift */ = {isa = PBXFileReference; fileEncoding = 4; lastKnownFileType = sourcecode.swift; path = Environment.generated.swift; sourceTree = "<group>"; };
		A5BF6F8A205B216C0066DE7C /* JobsTableViewCell.swift */ = {isa = PBXFileReference; lastKnownFileType = sourcecode.swift; path = JobsTableViewCell.swift; sourceTree = "<group>"; };
		A5CAA28C20543C60009C56BA /* BaseTestCare.swift */ = {isa = PBXFileReference; lastKnownFileType = sourcecode.swift; path = BaseTestCare.swift; sourceTree = "<group>"; };
		A5CAA293205534D4009C56BA /* jobs.xml */ = {isa = PBXFileReference; fileEncoding = 4; lastKnownFileType = text.xml; path = jobs.xml; sourceTree = "<group>"; };
		A5CAA29520553BFC009C56BA /* URLProviderTests.swift */ = {isa = PBXFileReference; lastKnownFileType = sourcecode.swift; path = URLProviderTests.swift; sourceTree = "<group>"; };
		A5D67539207004E6004C3A0B /* SwiftHash.framework */ = {isa = PBXFileReference; lastKnownFileType = wrapper.framework; name = SwiftHash.framework; path = Carthage/Build/iOS/SwiftHash.framework; sourceTree = "<group>"; };
		A5DF66EB20528F5800DA181C /* DashboardPresenterTests.swift */ = {isa = PBXFileReference; lastKnownFileType = sourcecode.swift; path = DashboardPresenterTests.swift; sourceTree = "<group>"; };
		A5F990F72051AF6D005D7C42 /* Account.swift */ = {isa = PBXFileReference; lastKnownFileType = sourcecode.swift; path = Account.swift; sourceTree = "<group>"; };
		A5F990F92051AFEA005D7C42 /* AccountTests.swift */ = {isa = PBXFileReference; lastKnownFileType = sourcecode.swift; path = AccountTests.swift; sourceTree = "<group>"; };
		A5F991022051B7DE005D7C42 /* FeedServiceTests.swift */ = {isa = PBXFileReference; lastKnownFileType = sourcecode.swift; path = FeedServiceTests.swift; sourceTree = "<group>"; };
		A5F991042051B801005D7C42 /* FeedService.swift */ = {isa = PBXFileReference; lastKnownFileType = sourcecode.swift; path = FeedService.swift; sourceTree = "<group>"; };
		A5F991092051BF0A005D7C42 /* FeedKit.framework */ = {isa = PBXFileReference; lastKnownFileType = wrapper.framework; name = FeedKit.framework; path = Carthage/Build/iOS/FeedKit.framework; sourceTree = "<group>"; };
		A5F991102052736C005D7C42 /* Seed.swift */ = {isa = PBXFileReference; lastKnownFileType = sourcecode.swift; path = Seed.swift; sourceTree = "<group>"; };
		A5F9911220527466005D7C42 /* App.swift */ = {isa = PBXFileReference; lastKnownFileType = sourcecode.swift; path = App.swift; sourceTree = "<group>"; };
		A5F9911420527705005D7C42 /* AppTests.swift */ = {isa = PBXFileReference; lastKnownFileType = sourcecode.swift; path = AppTests.swift; sourceTree = "<group>"; };
		A5F99119205279B2005D7C42 /* SeedTests.swift */ = {isa = PBXFileReference; lastKnownFileType = sourcecode.swift; path = SeedTests.swift; sourceTree = "<group>"; };
		A5F9911C2052850B005D7C42 /* DashboardPresenter.swift */ = {isa = PBXFileReference; lastKnownFileType = sourcecode.swift; path = DashboardPresenter.swift; sourceTree = "<group>"; };
/* End PBXFileReference section */

/* Begin PBXFrameworksBuildPhase section */
		A57DDF13204ACCEB0031D7DF /* Frameworks */ = {
			isa = PBXFrameworksBuildPhase;
			buildActionMask = 2147483647;
			files = (
				A58180842066AC58006A62B8 /* Log.framework in Frameworks */,
				A5D6753A207004E6004C3A0B /* SwiftHash.framework in Frameworks */,
				A5E550772057253C00A43288 /* Bugsnag.framework in Frameworks */,
				A5DF7ECD204FE05E0073F4D5 /* Realm.framework in Frameworks */,
				A5DF7ECE204FE05E0073F4D5 /* RealmSwift.framework in Frameworks */,
				A5F9910A2051BF0A005D7C42 /* FeedKit.framework in Frameworks */,
			);
			runOnlyForDeploymentPostprocessing = 0;
		};
		A57DDF29204ACCEC0031D7DF /* Frameworks */ = {
			isa = PBXFrameworksBuildPhase;
			buildActionMask = 2147483647;
			files = (
				A58180852066AC7E006A62B8 /* Log.framework in Frameworks */,
				A5D6753B2070051A004C3A0B /* SwiftHash.framework in Frameworks */,
				A5E550782057255400A43288 /* Bugsnag.framework in Frameworks */,
				A5DF7ECB204FE04A0073F4D5 /* Realm.framework in Frameworks */,
				A5DF7ECC204FE04A0073F4D5 /* RealmSwift.framework in Frameworks */,
				A5F9910B2051BF16005D7C42 /* FeedKit.framework in Frameworks */,
			);
			runOnlyForDeploymentPostprocessing = 0;
		};
		A57DDF34204ACCEC0031D7DF /* Frameworks */ = {
			isa = PBXFrameworksBuildPhase;
			buildActionMask = 2147483647;
			files = (
			);
			runOnlyForDeploymentPostprocessing = 0;
		};
/* End PBXFrameworksBuildPhase section */

/* Begin PBXGroup section */
		A538841A204ACE03008253D7 /* Models */ = {
			isa = PBXGroup;
			children = (
				A581C61E20669936007EC4B0 /* Account */,
				A581C61D206698FD007EC4B0 /* Job */,
				A5F9911220527466005D7C42 /* App.swift */,
				A581C6182066929C007EC4B0 /* Filter.swift */,
			);
			path = Models;
			sourceTree = "<group>";
		};
		A538841B204ACE10008253D7 /* Controllers */ = {
			isa = PBXGroup;
			children = (
				A5973ACA206672EB000E4625 /* DashboardEdit */,
				A5973AC9206672E2000E4625 /* Job */,
				A5973AC4206671D9000E4625 /* Settings */,
				A5973AC2206671AD000E4625 /* Jobs */,
				A5973AC120667197000E4625 /* Dashboard */,
			);
			path = Controllers;
			sourceTree = "<group>";
		};
		A538841C204ACE17008253D7 /* Views */ = {
			isa = PBXGroup;
			children = (
				A57DDF24204ACCEB0031D7DF /* LaunchScreen.storyboard */,
				A57DDF1F204ACCEB0031D7DF /* Main.storyboard */,
				A50F1B502057D2EF00C73AF9 /* DashboardTableViewCell.swift */,
				A5963F74205843A10026BFE6 /* DashboardEditTableViewCell.swift */,
				A5BF6F8A205B216C0066DE7C /* JobsTableViewCell.swift */,
			);
			path = Views;
			sourceTree = "<group>";
		};
		A538841D204ACE1C008253D7 /* Support */ = {
			isa = PBXGroup;
			children = (
				A57DDF19204ACCEB0031D7DF /* AppDelegate.swift */,
				A5797F10205FA75100828E3B /* CustomColor.swift */,
				A5B713402056FB560054439C /* Environment.generated.swift */,
				A59F67A9206E3DE1006C6E6E /* FileLoader.swift */,
				A5973ACB206673CE000E4625 /* Platform.swift */,
				A5159E26204FD6E00056AF57 /* RealmProvider.swift */,
				A5F991102052736C005D7C42 /* Seed.swift */,
				A5B5B48D2053E4EA001806B6 /* URLProvider.swift */,
				A5CAA28E20552501009C56BA /* Fixtures */,
				A5B7133C2056F8180054439C /* Stencils */,
				A59F67A6206E3DA4006C6E6E /* Styles */,
			);
			path = Support;
			sourceTree = "<group>";
		};
		A5564F152073891800F75E28 /* Controllers */ = {
			isa = PBXGroup;
			children = (
				A5564F1F20739FD200F75E28 /* Dashboard */,
				A5564F162073892500F75E28 /* Jobs */,
			);
			path = Controllers;
			sourceTree = "<group>";
		};
		A5564F162073892500F75E28 /* Jobs */ = {
			isa = PBXGroup;
			children = (
				A5564F172073894600F75E28 /* JobsTableViewControllerTests.swift */,
			);
			name = Jobs;
			sourceTree = "<group>";
		};
		A5564F1F20739FD200F75E28 /* Dashboard */ = {
			isa = PBXGroup;
			children = (
				A5564F2020739FDF00F75E28 /* DashboardTableViewControllerTests.swift */,
			);
			name = Dashboard;
			sourceTree = "<group>";
		};
		A57DDF0D204ACCEB0031D7DF = {
			isa = PBXGroup;
			children = (
				A57DDF18204ACCEB0031D7DF /* Wemotely */,
				A57DDF2F204ACCEC0031D7DF /* WemotelyTests */,
				A57DDF3A204ACCEC0031D7DF /* WemotelyUITests */,
				A57DDF17204ACCEB0031D7DF /* Products */,
				A59727AF204FD21D00D5A917 /* Frameworks */,
			);
			sourceTree = "<group>";
		};
		A57DDF17204ACCEB0031D7DF /* Products */ = {
			isa = PBXGroup;
			children = (
				A57DDF16204ACCEB0031D7DF /* Wemotely.app */,
				A57DDF2C204ACCEC0031D7DF /* WemotelyTests.xctest */,
				A57DDF37204ACCEC0031D7DF /* WemotelyUITests.xctest */,
			);
			name = Products;
			sourceTree = "<group>";
		};
		A57DDF18204ACCEB0031D7DF /* Wemotely */ = {
			isa = PBXGroup;
			children = (
				A57DDF27204ACCEB0031D7DF /* Info.plist */,
				A57DDF22204ACCEB0031D7DF /* Assets.xcassets */,
				A538841B204ACE10008253D7 /* Controllers */,
				A538841A204ACE03008253D7 /* Models */,
				A5F9911E20528587005D7C42 /* Presenters */,
				A5F990FB2051B757005D7C42 /* Services */,
				A538841D204ACE1C008253D7 /* Support */,
				A538841C204ACE17008253D7 /* Views */,
			);
			path = Wemotely;
			sourceTree = "<group>";
		};
		A57DDF2F204ACCEC0031D7DF /* WemotelyTests */ = {
			isa = PBXGroup;
			children = (
				A5564F152073891800F75E28 /* Controllers */,
				A5DF66EA20528F4500DA181C /* Presenters */,
				A5F99118205279A6005D7C42 /* Support */,
				A5F990FE2051B7AA005D7C42 /* Services */,
				A5F990FD2051B79F005D7C42 /* Models */,
				A57DDF32204ACCEC0031D7DF /* Info.plist */,
			);
			path = WemotelyTests;
			sourceTree = "<group>";
		};
		A57DDF3A204ACCEC0031D7DF /* WemotelyUITests */ = {
			isa = PBXGroup;
			children = (
				A57DDF3B204ACCEC0031D7DF /* SegueUITests.swift */,
				A57DDF3D204ACCEC0031D7DF /* Info.plist */,
				A528FD50204C05CD0020ABA9 /* XCUIApplication+Segues.swift */,
				A528FD52204C108A0020ABA9 /* XCUIApplication+Device.swift */,
				A51596FF2059CAEA0096C52C /* EditDashboardTests.swift */,
				A5159701205A641B0096C52C /* XCUIApplication+Helper.swift */,
				A5159703205A7AB40096C52C /* XCUIApplication+Asserts.swift */,
				A58180862067EEBA006A62B8 /* JobsSwipeActionTests.swift */,
				A59F67B1206E5299006C6E6E /* JobTests.swift */,
			);
			path = WemotelyUITests;
			sourceTree = "<group>";
		};
		A581808C20680DA8006A62B8 /* Job */ = {
			isa = PBXGroup;
			children = (
				A57DDF30204ACCEC0031D7DF /* JobTests.swift */,
				A581808A20680D7F006A62B8 /* Job+QueryTests.swift */,
			);
			name = Job;
			sourceTree = "<group>";
		};
		A581808D20680DAE006A62B8 /* Account */ = {
			isa = PBXGroup;
			children = (
				A5F990F92051AFEA005D7C42 /* AccountTests.swift */,
				A581808820680CC7006A62B8 /* Account+QueryTests.swift */,
			);
			name = Account;
			sourceTree = "<group>";
		};
		A581C61D206698FD007EC4B0 /* Job */ = {
			isa = PBXGroup;
			children = (
				A5388420204AF732008253D7 /* Job.swift */,
				A581C61A206698F2007EC4B0 /* Job+Query.swift */,
			);
			name = Job;
			sourceTree = "<group>";
		};
		A581C61E20669936007EC4B0 /* Account */ = {
			isa = PBXGroup;
			children = (
				A5F990F72051AF6D005D7C42 /* Account.swift */,
				A581C61F20669943007EC4B0 /* Account+Query.swift */,
			);
			name = Account;
			sourceTree = "<group>";
		};
		A59727AF204FD21D00D5A917 /* Frameworks */ = {
			isa = PBXGroup;
			children = (
				A5D67539207004E6004C3A0B /* SwiftHash.framework */,
				A58180832066AC58006A62B8 /* Log.framework */,
				A5960CB9205718D20060C71B /* Bugsnag.framework */,
				A5F991092051BF0A005D7C42 /* FeedKit.framework */,
				A5159E23204FD6730056AF57 /* Realm.framework.dSYM */,
				A5159E22204FD6730056AF57 /* RealmSwift.framework.dSYM */,
				A59727B2204FD22100D5A917 /* Realm.framework */,
				A59727B0204FD21D00D5A917 /* RealmSwift.framework */,
			);
			name = Frameworks;
			sourceTree = "<group>";
		};
		A5973AC120667197000E4625 /* Dashboard */ = {
			isa = PBXGroup;
			children = (
				A57DDF1B204ACCEB0031D7DF /* DashboardTableViewController.swift */,
				A5973ABB20666FC5000E4625 /* DashboardTableViewController+Segues.swift */,
				A5973ABD20666FCF000E4625 /* DashboardTableViewController+TableView.swift */,
				A5973ABF2066708D000E4625 /* DashboardTableViewController+Navigation.swift */,
			);
			name = Dashboard;
			sourceTree = "<group>";
		};
		A5973AC2206671AD000E4625 /* Jobs */ = {
			isa = PBXGroup;
			children = (
				A538841E204AF241008253D7 /* JobsTableViewController.swift */,
				A5973AB7206669F3000E4625 /* JobsTableViewController+TableView.swift */,
				A5973AB920666B09000E4625 /* JobsTableViewController+Segues.swift */,
				A5A8B64C20722D68008D66E7 /* JobsTableViewController+Refresh.swift */,
			);
			name = Jobs;
			sourceTree = "<group>";
		};
		A5973AC4206671D9000E4625 /* Settings */ = {
			isa = PBXGroup;
			children = (
				A528FD45204B075F0020ABA9 /* SettingsTableViewController.swift */,
				A528FD49204B21970020ABA9 /* NotificationOptionsTableViewController.swift */,
			);
			name = Settings;
			sourceTree = "<group>";
		};
		A5973AC9206672E2000E4625 /* Job */ = {
			isa = PBXGroup;
			children = (
				A57DDF1D204ACCEB0031D7DF /* JobViewController.swift */,
				A59F67AB206E429B006C6E6E /* JobViewController+Segues.swift */,
				A59F67AD206E42D2006C6E6E /* JobViewController+Toolbar.swift */,
				A59F67AF206E431A006C6E6E /* JobViewController+WebView.swift */,
			);
			name = Job;
			sourceTree = "<group>";
		};
		A5973ACA206672EB000E4625 /* DashboardEdit */ = {
			isa = PBXGroup;
			children = (
				A528FD47204B09FF0020ABA9 /* DashboardEditTableViewController.swift */,
				A5973AC6206671FC000E4625 /* DashboardEditTableViewController+TableView.swift */,
			);
			name = DashboardEdit;
			sourceTree = "<group>";
		};
		A59F67A6206E3DA4006C6E6E /* Styles */ = {
			isa = PBXGroup;
			children = (
				A59F67A7206E3DC4006C6E6E /* job.css */,
			);
			path = Styles;
			sourceTree = "<group>";
		};
		A5B7133C2056F8180054439C /* Stencils */ = {
			isa = PBXGroup;
			children = (
				A5B7133D2056F89C0054439C /* Environment.stencil */,
			);
			path = Stencils;
			sourceTree = "<group>";
		};
		A5CAA28E20552501009C56BA /* Fixtures */ = {
			isa = PBXGroup;
			children = (
				A5CAA293205534D4009C56BA /* jobs.xml */,
			);
			path = Fixtures;
			sourceTree = "<group>";
		};
		A5DF66EA20528F4500DA181C /* Presenters */ = {
			isa = PBXGroup;
			children = (
				A5DF66EB20528F5800DA181C /* DashboardPresenterTests.swift */,
			);
			path = Presenters;
			sourceTree = "<group>";
		};
		A5F990FB2051B757005D7C42 /* Services */ = {
			isa = PBXGroup;
			children = (
				A5F991042051B801005D7C42 /* FeedService.swift */,
				A5A8B64A2072291F008D66E7 /* GetJobsService.swift */,
			);
			path = Services;
			sourceTree = "<group>";
		};
		A5F990FD2051B79F005D7C42 /* Models */ = {
			isa = PBXGroup;
			children = (
				A581808D20680DAE006A62B8 /* Account */,
				A581808C20680DA8006A62B8 /* Job */,
				A5F9911420527705005D7C42 /* AppTests.swift */,
			);
			path = Models;
			sourceTree = "<group>";
		};
		A5F990FE2051B7AA005D7C42 /* Services */ = {
			isa = PBXGroup;
			children = (
				A5F991022051B7DE005D7C42 /* FeedServiceTests.swift */,
			);
			path = Services;
			sourceTree = "<group>";
		};
		A5F99118205279A6005D7C42 /* Support */ = {
			isa = PBXGroup;
			children = (
				A5F99119205279B2005D7C42 /* SeedTests.swift */,
				A5CAA28C20543C60009C56BA /* BaseTestCare.swift */,
				A5CAA29520553BFC009C56BA /* URLProviderTests.swift */,
				A5564F1B2073971000F75E28 /* TestFixtures.swift */,
			);
			path = Support;
			sourceTree = "<group>";
		};
		A5F9911E20528587005D7C42 /* Presenters */ = {
			isa = PBXGroup;
			children = (
				A5F9911C2052850B005D7C42 /* DashboardPresenter.swift */,
			);
			path = Presenters;
			sourceTree = "<group>";
		};
/* End PBXGroup section */

/* Begin PBXHeadersBuildPhase section */
		A5159E28204FD7B90056AF57 /* Headers */ = {
			isa = PBXHeadersBuildPhase;
			buildActionMask = 2147483647;
			files = (
			);
			runOnlyForDeploymentPostprocessing = 0;
		};
/* End PBXHeadersBuildPhase section */

/* Begin PBXNativeTarget section */
		A57DDF15204ACCEB0031D7DF /* Wemotely */ = {
			isa = PBXNativeTarget;
			buildConfigurationList = A57DDF40204ACCEC0031D7DF /* Build configuration list for PBXNativeTarget "Wemotely" */;
			buildPhases = (
				A57DDF12204ACCEB0031D7DF /* Sources */,
				A57DDF13204ACCEB0031D7DF /* Frameworks */,
				A57DDF14204ACCEB0031D7DF /* Resources */,
				A5B7133F2056F9010054439C /* ShellScript */,
				A59727B4204FD24400D5A917 /* ShellScript */,
				A59727B5204FD35D00D5A917 /* ShellScript */,
				A5F9911B20527E8A005D7C42 /* ShellScript */,
			);
			buildRules = (
			);
			dependencies = (
			);
			name = Wemotely;
			productName = Wemotely;
			productReference = A57DDF16204ACCEB0031D7DF /* Wemotely.app */;
			productType = "com.apple.product-type.application";
		};
		A57DDF2B204ACCEC0031D7DF /* WemotelyTests */ = {
			isa = PBXNativeTarget;
			buildConfigurationList = A57DDF43204ACCEC0031D7DF /* Build configuration list for PBXNativeTarget "WemotelyTests" */;
			buildPhases = (
				A57DDF28204ACCEC0031D7DF /* Sources */,
				A57DDF29204ACCEC0031D7DF /* Frameworks */,
				A5159E28204FD7B90056AF57 /* Headers */,
				A57DDF2A204ACCEC0031D7DF /* Resources */,
			);
			buildRules = (
			);
			dependencies = (
				A57DDF2E204ACCEC0031D7DF /* PBXTargetDependency */,
			);
			name = WemotelyTests;
			productName = WemotelyTests;
			productReference = A57DDF2C204ACCEC0031D7DF /* WemotelyTests.xctest */;
			productType = "com.apple.product-type.bundle.unit-test";
		};
		A57DDF36204ACCEC0031D7DF /* WemotelyUITests */ = {
			isa = PBXNativeTarget;
			buildConfigurationList = A57DDF46204ACCEC0031D7DF /* Build configuration list for PBXNativeTarget "WemotelyUITests" */;
			buildPhases = (
				A57DDF33204ACCEC0031D7DF /* Sources */,
				A57DDF34204ACCEC0031D7DF /* Frameworks */,
				A57DDF35204ACCEC0031D7DF /* Resources */,
			);
			buildRules = (
			);
			dependencies = (
				A57DDF39204ACCEC0031D7DF /* PBXTargetDependency */,
			);
			name = WemotelyUITests;
			productName = WemotelyUITests;
			productReference = A57DDF37204ACCEC0031D7DF /* WemotelyUITests.xctest */;
			productType = "com.apple.product-type.bundle.ui-testing";
		};
/* End PBXNativeTarget section */

/* Begin PBXProject section */
		A57DDF0E204ACCEB0031D7DF /* Project object */ = {
			isa = PBXProject;
			attributes = {
				LastSwiftUpdateCheck = 0920;
				LastUpgradeCheck = 0930;
				ORGANIZATIONNAME = "Insert Coffee Limited";
				TargetAttributes = {
					A57DDF15204ACCEB0031D7DF = {
						CreatedOnToolsVersion = 9.2;
						ProvisioningStyle = Automatic;
					};
					A57DDF2B204ACCEC0031D7DF = {
						CreatedOnToolsVersion = 9.2;
						ProvisioningStyle = Automatic;
						TestTargetID = A57DDF15204ACCEB0031D7DF;
					};
					A57DDF36204ACCEC0031D7DF = {
						CreatedOnToolsVersion = 9.2;
						ProvisioningStyle = Automatic;
						TestTargetID = A57DDF15204ACCEB0031D7DF;
					};
				};
			};
			buildConfigurationList = A57DDF11204ACCEB0031D7DF /* Build configuration list for PBXProject "Wemotely" */;
			compatibilityVersion = "Xcode 8.0";
			developmentRegion = en;
			hasScannedForEncodings = 0;
			knownRegions = (
				en,
				Base,
			);
			mainGroup = A57DDF0D204ACCEB0031D7DF;
			productRefGroup = A57DDF17204ACCEB0031D7DF /* Products */;
			projectDirPath = "";
			projectRoot = "";
			targets = (
				A57DDF15204ACCEB0031D7DF /* Wemotely */,
				A57DDF2B204ACCEC0031D7DF /* WemotelyTests */,
				A57DDF36204ACCEC0031D7DF /* WemotelyUITests */,
			);
		};
/* End PBXProject section */

/* Begin PBXResourcesBuildPhase section */
		A57DDF14204ACCEB0031D7DF /* Resources */ = {
			isa = PBXResourcesBuildPhase;
			buildActionMask = 2147483647;
			files = (
				A57DDF26204ACCEB0031D7DF /* LaunchScreen.storyboard in Resources */,
				A5B7133E2056F89C0054439C /* Environment.stencil in Resources */,
				A5CAA294205534D4009C56BA /* jobs.xml in Resources */,
				A57DDF23204ACCEB0031D7DF /* Assets.xcassets in Resources */,
				A57DDF21204ACCEB0031D7DF /* Main.storyboard in Resources */,
				A59F67A8206E3DC4006C6E6E /* job.css in Resources */,
			);
			runOnlyForDeploymentPostprocessing = 0;
		};
		A57DDF2A204ACCEC0031D7DF /* Resources */ = {
			isa = PBXResourcesBuildPhase;
			buildActionMask = 2147483647;
			files = (
			);
			runOnlyForDeploymentPostprocessing = 0;
		};
		A57DDF35204ACCEC0031D7DF /* Resources */ = {
			isa = PBXResourcesBuildPhase;
			buildActionMask = 2147483647;
			files = (
			);
			runOnlyForDeploymentPostprocessing = 0;
		};
/* End PBXResourcesBuildPhase section */

/* Begin PBXShellScriptBuildPhase section */
		A59727B4204FD24400D5A917 /* ShellScript */ = {
			isa = PBXShellScriptBuildPhase;
			buildActionMask = 2147483647;
			files = (
			);
			inputPaths = (
				"$(SRCROOT)/Carthage/Build/iOS/Realm.framework",
				"$(SRCROOT)/Carthage/Build/iOS/RealmSwift.framework",
				"$(SRCROOT)/Carthage/Build/iOS/FeedKit.framework",
				"$(SRCROOT)/Carthage/Build/iOS/Bugsnag.framework",
				"$(SRCROOT)/Carthage/Build/iOS/Log.framework",
				"$(SRCROOT)/Carthage/Build/iOS/SwiftHash.framework",
			);
			outputPaths = (
				"$(BUILT_PRODUCTS_DIR)/$(FRAMEWORKS_FOLDER_PATH)/Realm.framework",
				"$(BUILT_PRODUCTS_DIR)/$(FRAMEWORKS_FOLDER_PATH)/RealmSwift.framework",
				"$(BUILT_PRODUCTS_DIR)/$(FRAMEWORKS_FOLDER_PATH)/FeedKit.framework",
				"$(BUILT_PRODUCTS_DIR)/$(FRAMEWORKS_FOLDER_PATH)/Bugsnag.framework",
				"$(BUILT_PRODUCTS_DIR)/$(FRAMEWORKS_FOLDER_PATH)/Log.framework",
				"$(BUILT_PRODUCTS_DIR)/$(FRAMEWORKS_FOLDER_PATH)/SwiftHash.framework",
			);
			runOnlyForDeploymentPostprocessing = 0;
			shellPath = /bin/sh;
			shellScript = "/usr/local/bin/carthage copy-frameworks";
		};
		A59727B5204FD35D00D5A917 /* ShellScript */ = {
			isa = PBXShellScriptBuildPhase;
			buildActionMask = 2147483647;
			files = (
			);
			inputPaths = (
			);
			outputPaths = (
			);
			runOnlyForDeploymentPostprocessing = 0;
			shellPath = /bin/sh;
			shellScript = "/usr/local/bin/carthage outdated --xcode-warnings";
		};
		A5B7133F2056F9010054439C /* ShellScript */ = {
			isa = PBXShellScriptBuildPhase;
			buildActionMask = 2147483647;
			files = (
			);
			inputPaths = (
			);
			outputPaths = (
			);
			runOnlyForDeploymentPostprocessing = 0;
			shellPath = /bin/sh;
			shellScript = ./bin/environment;
		};
		A5F9911B20527E8A005D7C42 /* ShellScript */ = {
			isa = PBXShellScriptBuildPhase;
			buildActionMask = 2147483647;
			files = (
			);
			inputPaths = (
			);
			outputPaths = (
			);
			runOnlyForDeploymentPostprocessing = 0;
			shellPath = /bin/sh;
			shellScript = "if which swiftlint >/dev/null; then\n  swiftlint\nelse\n  echo \"warning: SwiftLint not installed, download from https://github.com/realm/SwiftLint\"\nfi";
		};
/* End PBXShellScriptBuildPhase section */

/* Begin PBXSourcesBuildPhase section */
		A57DDF12204ACCEB0031D7DF /* Sources */ = {
			isa = PBXSourcesBuildPhase;
			buildActionMask = 2147483647;
			files = (
				A5BF6F8B205B216C0066DE7C /* JobsTableViewCell.swift in Sources */,
				A5F9911320527466005D7C42 /* App.swift in Sources */,
				A581C62020669943007EC4B0 /* Account+Query.swift in Sources */,
				A57DDF1E204ACCEB0031D7DF /* JobViewController.swift in Sources */,
				A581C61B206698F2007EC4B0 /* Job+Query.swift in Sources */,
				A5B5B48E2053E4EA001806B6 /* URLProvider.swift in Sources */,
				A50F1B512057D2EF00C73AF9 /* DashboardTableViewCell.swift in Sources */,
				A5973ABA20666B09000E4625 /* JobsTableViewController+Segues.swift in Sources */,
				A59F67B0206E431A006C6E6E /* JobViewController+WebView.swift in Sources */,
				A5F990F82051AF6D005D7C42 /* Account.swift in Sources */,
				A59F67AE206E42D2006C6E6E /* JobViewController+Toolbar.swift in Sources */,
				A5F991112052736C005D7C42 /* Seed.swift in Sources */,
				A59F67AC206E429B006C6E6E /* JobViewController+Segues.swift in Sources */,
				A528FD4A204B21970020ABA9 /* NotificationOptionsTableViewController.swift in Sources */,
				A5973ACC206673CE000E4625 /* Platform.swift in Sources */,
				A538841F204AF241008253D7 /* JobsTableViewController.swift in Sources */,
				A5963F75205843A10026BFE6 /* DashboardEditTableViewCell.swift in Sources */,
				A5973AB8206669F3000E4625 /* JobsTableViewController+TableView.swift in Sources */,
				A5973ABE20666FCF000E4625 /* DashboardTableViewController+TableView.swift in Sources */,
				A5F991052051B801005D7C42 /* FeedService.swift in Sources */,
				A5973AC02066708D000E4625 /* DashboardTableViewController+Navigation.swift in Sources */,
				A59F67AA206E3DE1006C6E6E /* FileLoader.swift in Sources */,
				A5B713412056FB560054439C /* Environment.generated.swift in Sources */,
				A5973AC7206671FC000E4625 /* DashboardEditTableViewController+TableView.swift in Sources */,
				A528FD46204B075F0020ABA9 /* SettingsTableViewController.swift in Sources */,
				A5159E27204FD6E00056AF57 /* RealmProvider.swift in Sources */,
				A57DDF1C204ACCEB0031D7DF /* DashboardTableViewController.swift in Sources */,
				A581C6192066929C007EC4B0 /* Filter.swift in Sources */,
				A528FD48204B09FF0020ABA9 /* DashboardEditTableViewController.swift in Sources */,
				A5797F11205FA75100828E3B /* CustomColor.swift in Sources */,
				A57DDF1A204ACCEB0031D7DF /* AppDelegate.swift in Sources */,
				A5A8B64D20722D68008D66E7 /* JobsTableViewController+Refresh.swift in Sources */,
				A5973ABC20666FC5000E4625 /* DashboardTableViewController+Segues.swift in Sources */,
				A5A8B64B2072291F008D66E7 /* GetJobsService.swift in Sources */,
				A5F9911D2052850B005D7C42 /* DashboardPresenter.swift in Sources */,
				A5388421204AF732008253D7 /* Job.swift in Sources */,
			);
			runOnlyForDeploymentPostprocessing = 0;
		};
		A57DDF28204ACCEC0031D7DF /* Sources */ = {
			isa = PBXSourcesBuildPhase;
			buildActionMask = 2147483647;
			files = (
				A5564F182073894600F75E28 /* JobsTableViewControllerTests.swift in Sources */,
				A581808B20680D7F006A62B8 /* Job+QueryTests.swift in Sources */,
				A57DDF31204ACCEC0031D7DF /* JobTests.swift in Sources */,
				A5DF66EC20528F5800DA181C /* DashboardPresenterTests.swift in Sources */,
				A5CAA29620553BFC009C56BA /* URLProviderTests.swift in Sources */,
				A5F9911520527705005D7C42 /* AppTests.swift in Sources */,
				A5CAA28D20543C60009C56BA /* BaseTestCare.swift in Sources */,
				A581808920680CC7006A62B8 /* Account+QueryTests.swift in Sources */,
				A5F991032051B7DE005D7C42 /* FeedServiceTests.swift in Sources */,
				A5F9911A205279B2005D7C42 /* SeedTests.swift in Sources */,
				A5F990FA2051AFEA005D7C42 /* AccountTests.swift in Sources */,
				A5564F1C2073971000F75E28 /* TestFixtures.swift in Sources */,
				A5564F2120739FDF00F75E28 /* DashboardTableViewControllerTests.swift in Sources */,
			);
			runOnlyForDeploymentPostprocessing = 0;
		};
		A57DDF33204ACCEC0031D7DF /* Sources */ = {
			isa = PBXSourcesBuildPhase;
			buildActionMask = 2147483647;
			files = (
				A51597002059CAEA0096C52C /* EditDashboardTests.swift in Sources */,
				A5159702205A641B0096C52C /* XCUIApplication+Helper.swift in Sources */,
				A57DDF3C204ACCEC0031D7DF /* SegueUITests.swift in Sources */,
				A528FD53204C108A0020ABA9 /* XCUIApplication+Device.swift in Sources */,
				A528FD51204C05CD0020ABA9 /* XCUIApplication+Segues.swift in Sources */,
				A5159704205A7AB40096C52C /* XCUIApplication+Asserts.swift in Sources */,
				A58180872067EEBA006A62B8 /* JobsSwipeActionTests.swift in Sources */,
				A59F67B2206E5299006C6E6E /* JobTests.swift in Sources */,
			);
			runOnlyForDeploymentPostprocessing = 0;
		};
/* End PBXSourcesBuildPhase section */

/* Begin PBXTargetDependency section */
		A57DDF2E204ACCEC0031D7DF /* PBXTargetDependency */ = {
			isa = PBXTargetDependency;
			target = A57DDF15204ACCEB0031D7DF /* Wemotely */;
			targetProxy = A57DDF2D204ACCEC0031D7DF /* PBXContainerItemProxy */;
		};
		A57DDF39204ACCEC0031D7DF /* PBXTargetDependency */ = {
			isa = PBXTargetDependency;
			target = A57DDF15204ACCEB0031D7DF /* Wemotely */;
			targetProxy = A57DDF38204ACCEC0031D7DF /* PBXContainerItemProxy */;
		};
/* End PBXTargetDependency section */

/* Begin PBXVariantGroup section */
		A57DDF1F204ACCEB0031D7DF /* Main.storyboard */ = {
			isa = PBXVariantGroup;
			children = (
				A57DDF20204ACCEB0031D7DF /* Base */,
			);
			name = Main.storyboard;
			sourceTree = "<group>";
		};
		A57DDF24204ACCEB0031D7DF /* LaunchScreen.storyboard */ = {
			isa = PBXVariantGroup;
			children = (
				A57DDF25204ACCEB0031D7DF /* Base */,
			);
			name = LaunchScreen.storyboard;
			sourceTree = "<group>";
		};
/* End PBXVariantGroup section */

/* Begin XCBuildConfiguration section */
		A57DDF3E204ACCEC0031D7DF /* Debug */ = {
			isa = XCBuildConfiguration;
			buildSettings = {
				ALWAYS_SEARCH_USER_PATHS = NO;
				CLANG_ANALYZER_NONNULL = YES;
				CLANG_ANALYZER_NUMBER_OBJECT_CONVERSION = YES_AGGRESSIVE;
				CLANG_CXX_LANGUAGE_STANDARD = "gnu++14";
				CLANG_CXX_LIBRARY = "libc++";
				CLANG_ENABLE_MODULES = YES;
				CLANG_ENABLE_OBJC_ARC = YES;
				CLANG_WARN_BLOCK_CAPTURE_AUTORELEASING = YES;
				CLANG_WARN_BOOL_CONVERSION = YES;
				CLANG_WARN_COMMA = YES;
				CLANG_WARN_CONSTANT_CONVERSION = YES;
				CLANG_WARN_DEPRECATED_OBJC_IMPLEMENTATIONS = YES;
				CLANG_WARN_DIRECT_OBJC_ISA_USAGE = YES_ERROR;
				CLANG_WARN_DOCUMENTATION_COMMENTS = YES;
				CLANG_WARN_EMPTY_BODY = YES;
				CLANG_WARN_ENUM_CONVERSION = YES;
				CLANG_WARN_INFINITE_RECURSION = YES;
				CLANG_WARN_INT_CONVERSION = YES;
				CLANG_WARN_NON_LITERAL_NULL_CONVERSION = YES;
				CLANG_WARN_OBJC_IMPLICIT_RETAIN_SELF = YES;
				CLANG_WARN_OBJC_LITERAL_CONVERSION = YES;
				CLANG_WARN_OBJC_ROOT_CLASS = YES_ERROR;
				CLANG_WARN_RANGE_LOOP_ANALYSIS = YES;
				CLANG_WARN_STRICT_PROTOTYPES = YES;
				CLANG_WARN_SUSPICIOUS_MOVE = YES;
				CLANG_WARN_UNGUARDED_AVAILABILITY = YES_AGGRESSIVE;
				CLANG_WARN_UNREACHABLE_CODE = YES;
				CLANG_WARN__DUPLICATE_METHOD_MATCH = YES;
				CODE_SIGN_IDENTITY = "iPhone Developer";
				COPY_PHASE_STRIP = NO;
				DEBUG_INFORMATION_FORMAT = dwarf;
				ENABLE_STRICT_OBJC_MSGSEND = YES;
				ENABLE_TESTABILITY = YES;
				GCC_C_LANGUAGE_STANDARD = gnu11;
				GCC_DYNAMIC_NO_PIC = NO;
				GCC_NO_COMMON_BLOCKS = YES;
				GCC_OPTIMIZATION_LEVEL = 0;
				GCC_PREPROCESSOR_DEFINITIONS = (
					"DEBUG=1",
					"$(inherited)",
				);
				GCC_WARN_64_TO_32_BIT_CONVERSION = YES;
				GCC_WARN_ABOUT_RETURN_TYPE = YES_ERROR;
				GCC_WARN_UNDECLARED_SELECTOR = YES;
				GCC_WARN_UNINITIALIZED_AUTOS = YES_AGGRESSIVE;
				GCC_WARN_UNUSED_FUNCTION = YES;
				GCC_WARN_UNUSED_VARIABLE = YES;
				IPHONEOS_DEPLOYMENT_TARGET = 11.2;
				MTL_ENABLE_DEBUG_INFO = YES;
				ONLY_ACTIVE_ARCH = YES;
				SDKROOT = iphoneos;
				SWIFT_ACTIVE_COMPILATION_CONDITIONS = DEBUG;
				SWIFT_OPTIMIZATION_LEVEL = "-Onone";
			};
			name = Debug;
		};
		A57DDF3F204ACCEC0031D7DF /* Release */ = {
			isa = XCBuildConfiguration;
			buildSettings = {
				ALWAYS_SEARCH_USER_PATHS = NO;
				CLANG_ANALYZER_NONNULL = YES;
				CLANG_ANALYZER_NUMBER_OBJECT_CONVERSION = YES_AGGRESSIVE;
				CLANG_CXX_LANGUAGE_STANDARD = "gnu++14";
				CLANG_CXX_LIBRARY = "libc++";
				CLANG_ENABLE_MODULES = YES;
				CLANG_ENABLE_OBJC_ARC = YES;
				CLANG_WARN_BLOCK_CAPTURE_AUTORELEASING = YES;
				CLANG_WARN_BOOL_CONVERSION = YES;
				CLANG_WARN_COMMA = YES;
				CLANG_WARN_CONSTANT_CONVERSION = YES;
				CLANG_WARN_DEPRECATED_OBJC_IMPLEMENTATIONS = YES;
				CLANG_WARN_DIRECT_OBJC_ISA_USAGE = YES_ERROR;
				CLANG_WARN_DOCUMENTATION_COMMENTS = YES;
				CLANG_WARN_EMPTY_BODY = YES;
				CLANG_WARN_ENUM_CONVERSION = YES;
				CLANG_WARN_INFINITE_RECURSION = YES;
				CLANG_WARN_INT_CONVERSION = YES;
				CLANG_WARN_NON_LITERAL_NULL_CONVERSION = YES;
				CLANG_WARN_OBJC_IMPLICIT_RETAIN_SELF = YES;
				CLANG_WARN_OBJC_LITERAL_CONVERSION = YES;
				CLANG_WARN_OBJC_ROOT_CLASS = YES_ERROR;
				CLANG_WARN_RANGE_LOOP_ANALYSIS = YES;
				CLANG_WARN_STRICT_PROTOTYPES = YES;
				CLANG_WARN_SUSPICIOUS_MOVE = YES;
				CLANG_WARN_UNGUARDED_AVAILABILITY = YES_AGGRESSIVE;
				CLANG_WARN_UNREACHABLE_CODE = YES;
				CLANG_WARN__DUPLICATE_METHOD_MATCH = YES;
				CODE_SIGN_IDENTITY = "iPhone Developer";
				COPY_PHASE_STRIP = NO;
				DEBUG_INFORMATION_FORMAT = "dwarf-with-dsym";
				ENABLE_NS_ASSERTIONS = NO;
				ENABLE_STRICT_OBJC_MSGSEND = YES;
				GCC_C_LANGUAGE_STANDARD = gnu11;
				GCC_NO_COMMON_BLOCKS = YES;
				GCC_WARN_64_TO_32_BIT_CONVERSION = YES;
				GCC_WARN_ABOUT_RETURN_TYPE = YES_ERROR;
				GCC_WARN_UNDECLARED_SELECTOR = YES;
				GCC_WARN_UNINITIALIZED_AUTOS = YES_AGGRESSIVE;
				GCC_WARN_UNUSED_FUNCTION = YES;
				GCC_WARN_UNUSED_VARIABLE = YES;
				IPHONEOS_DEPLOYMENT_TARGET = 11.2;
				MTL_ENABLE_DEBUG_INFO = NO;
				SDKROOT = iphoneos;
				SWIFT_OPTIMIZATION_LEVEL = "-Owholemodule";
				VALIDATE_PRODUCT = YES;
			};
			name = Release;
		};
		A57DDF41204ACCEC0031D7DF /* Debug */ = {
			isa = XCBuildConfiguration;
			buildSettings = {
				ASSETCATALOG_COMPILER_APPICON_NAME = AppIcon;
				CODE_SIGN_STYLE = Automatic;
				DEFINES_MODULE = YES;
				DEVELOPMENT_TEAM = 4PJ737FCUT;
				FRAMEWORK_SEARCH_PATHS = (
					"$(inherited)",
					"$(PROJECT_DIR)/Carthage/Build/iOS",
				);
				INFOPLIST_FILE = Wemotely/Info.plist;
				LD_RUNPATH_SEARCH_PATHS = "$(inherited) @executable_path/Frameworks";
				PRODUCT_BUNDLE_IDENTIFIER = com.insertcoffee.Wemotely;
				PRODUCT_NAME = "$(TARGET_NAME)";
				SWIFT_VERSION = 4.0;
				TARGETED_DEVICE_FAMILY = "1,2";
			};
			name = Debug;
		};
		A57DDF42204ACCEC0031D7DF /* Release */ = {
			isa = XCBuildConfiguration;
			buildSettings = {
				ASSETCATALOG_COMPILER_APPICON_NAME = AppIcon;
				CODE_SIGN_STYLE = Automatic;
				DEFINES_MODULE = YES;
				DEVELOPMENT_TEAM = 4PJ737FCUT;
				FRAMEWORK_SEARCH_PATHS = (
					"$(inherited)",
					"$(PROJECT_DIR)/Carthage/Build/iOS",
				);
				INFOPLIST_FILE = Wemotely/Info.plist;
				LD_RUNPATH_SEARCH_PATHS = "$(inherited) @executable_path/Frameworks";
				PRODUCT_BUNDLE_IDENTIFIER = com.insertcoffee.Wemotely;
				PRODUCT_NAME = "$(TARGET_NAME)";
				SWIFT_VERSION = 4.0;
				TARGETED_DEVICE_FAMILY = "1,2";
			};
			name = Release;
		};
		A57DDF44204ACCEC0031D7DF /* Debug */ = {
			isa = XCBuildConfiguration;
			buildSettings = {
				ALWAYS_EMBED_SWIFT_STANDARD_LIBRARIES = YES;
				BUNDLE_LOADER = "$(TEST_HOST)";
				CODE_SIGN_STYLE = Automatic;
				DEVELOPMENT_TEAM = 4PJ737FCUT;
				FRAMEWORK_SEARCH_PATHS = (
					"$(inherited)",
					"$(PROJECT_DIR)/Carthage/Build/iOS",
				);
				INFOPLIST_FILE = WemotelyTests/Info.plist;
				LD_RUNPATH_SEARCH_PATHS = "$(inherited) @executable_path/Frameworks @loader_path/Frameworks";
				PRODUCT_BUNDLE_IDENTIFIER = com.insertcoffee.WemotelyTests;
				PRODUCT_NAME = "$(TARGET_NAME)";
				SWIFT_VERSION = 4.0;
				SYSTEM_FRAMEWORK_SEARCH_PATHS = "$(PROJECT_DIR)/Wemotely/**";
				"SYSTEM_FRAMEWORK_SEARCH_PATHS[arch=*]" = "";
				TARGETED_DEVICE_FAMILY = "1,2";
				TEST_HOST = "$(BUILT_PRODUCTS_DIR)/Wemotely.app/Wemotely";
			};
			name = Debug;
		};
		A57DDF45204ACCEC0031D7DF /* Release */ = {
			isa = XCBuildConfiguration;
			buildSettings = {
				ALWAYS_EMBED_SWIFT_STANDARD_LIBRARIES = YES;
				BUNDLE_LOADER = "$(TEST_HOST)";
				CODE_SIGN_STYLE = Automatic;
				DEVELOPMENT_TEAM = 4PJ737FCUT;
				FRAMEWORK_SEARCH_PATHS = (
					"$(inherited)",
					"$(PROJECT_DIR)/Carthage/Build/iOS",
				);
				INFOPLIST_FILE = WemotelyTests/Info.plist;
				LD_RUNPATH_SEARCH_PATHS = "$(inherited) @executable_path/Frameworks @loader_path/Frameworks";
				PRODUCT_BUNDLE_IDENTIFIER = com.insertcoffee.WemotelyTests;
				PRODUCT_NAME = "$(TARGET_NAME)";
				SWIFT_VERSION = 4.0;
				SYSTEM_FRAMEWORK_SEARCH_PATHS = "$(PROJECT_DIR)/Wemotely/**";
				TARGETED_DEVICE_FAMILY = "1,2";
				TEST_HOST = "$(BUILT_PRODUCTS_DIR)/Wemotely.app/Wemotely";
			};
			name = Release;
		};
		A57DDF47204ACCEC0031D7DF /* Debug */ = {
			isa = XCBuildConfiguration;
			buildSettings = {
				ALWAYS_EMBED_SWIFT_STANDARD_LIBRARIES = YES;
				CODE_SIGN_STYLE = Automatic;
				DEVELOPMENT_TEAM = 4PJ737FCUT;
				INFOPLIST_FILE = WemotelyUITests/Info.plist;
				LD_RUNPATH_SEARCH_PATHS = "$(inherited) @executable_path/Frameworks @loader_path/Frameworks";
				PRODUCT_BUNDLE_IDENTIFIER = com.insertcoffee.WemotelyUITests;
				PRODUCT_NAME = "$(TARGET_NAME)";
				SWIFT_VERSION = 4.0;
				SYSTEM_FRAMEWORK_SEARCH_PATHS = "";
				TARGETED_DEVICE_FAMILY = "1,2";
				TEST_TARGET_NAME = Wemotely;
			};
			name = Debug;
		};
		A57DDF48204ACCEC0031D7DF /* Release */ = {
			isa = XCBuildConfiguration;
			buildSettings = {
				ALWAYS_EMBED_SWIFT_STANDARD_LIBRARIES = YES;
				CODE_SIGN_STYLE = Automatic;
				DEVELOPMENT_TEAM = 4PJ737FCUT;
				INFOPLIST_FILE = WemotelyUITests/Info.plist;
				LD_RUNPATH_SEARCH_PATHS = "$(inherited) @executable_path/Frameworks @loader_path/Frameworks";
				PRODUCT_BUNDLE_IDENTIFIER = com.insertcoffee.WemotelyUITests;
				PRODUCT_NAME = "$(TARGET_NAME)";
				SWIFT_VERSION = 4.0;
				SYSTEM_FRAMEWORK_SEARCH_PATHS = "";
				TARGETED_DEVICE_FAMILY = "1,2";
				TEST_TARGET_NAME = Wemotely;
			};
			name = Release;
		};
/* End XCBuildConfiguration section */

/* Begin XCConfigurationList section */
		A57DDF11204ACCEB0031D7DF /* Build configuration list for PBXProject "Wemotely" */ = {
			isa = XCConfigurationList;
			buildConfigurations = (
				A57DDF3E204ACCEC0031D7DF /* Debug */,
				A57DDF3F204ACCEC0031D7DF /* Release */,
			);
			defaultConfigurationIsVisible = 0;
			defaultConfigurationName = Release;
		};
		A57DDF40204ACCEC0031D7DF /* Build configuration list for PBXNativeTarget "Wemotely" */ = {
			isa = XCConfigurationList;
			buildConfigurations = (
				A57DDF41204ACCEC0031D7DF /* Debug */,
				A57DDF42204ACCEC0031D7DF /* Release */,
			);
			defaultConfigurationIsVisible = 0;
			defaultConfigurationName = Release;
		};
		A57DDF43204ACCEC0031D7DF /* Build configuration list for PBXNativeTarget "WemotelyTests" */ = {
			isa = XCConfigurationList;
			buildConfigurations = (
				A57DDF44204ACCEC0031D7DF /* Debug */,
				A57DDF45204ACCEC0031D7DF /* Release */,
			);
			defaultConfigurationIsVisible = 0;
			defaultConfigurationName = Release;
		};
		A57DDF46204ACCEC0031D7DF /* Build configuration list for PBXNativeTarget "WemotelyUITests" */ = {
			isa = XCConfigurationList;
			buildConfigurations = (
				A57DDF47204ACCEC0031D7DF /* Debug */,
				A57DDF48204ACCEC0031D7DF /* Release */,
			);
			defaultConfigurationIsVisible = 0;
			defaultConfigurationName = Release;
		};
/* End XCConfigurationList section */
	};
	rootObject = A57DDF0E204ACCEB0031D7DF /* Project object */;
}
